// !$*UTF8*$!
{
	archiveVersion = 1;
	classes = {
	};
	objectVersion = 52;
	objects = {

/* Begin PBXBuildFile section */
		D636B39F23D35043007F370F /* DiskView.swift in Sources */ = {isa = PBXBuildFile; fileRef = D636B39E23D35043007F370F /* DiskView.swift */; };
		D642BDB423A9FE4500396732 /* AppDelegate.swift in Sources */ = {isa = PBXBuildFile; fileRef = D642BDB323A9FE4500396732 /* AppDelegate.swift */; };
		D642BDB623A9FE4500396732 /* SceneDelegate.swift in Sources */ = {isa = PBXBuildFile; fileRef = D642BDB523A9FE4500396732 /* SceneDelegate.swift */; };
		D642BDB823A9FE4500396732 /* ViewController.swift in Sources */ = {isa = PBXBuildFile; fileRef = D642BDB723A9FE4500396732 /* ViewController.swift */; };
		D642BDBB23A9FE4500396732 /* Main.storyboard in Resources */ = {isa = PBXBuildFile; fileRef = D642BDB923A9FE4500396732 /* Main.storyboard */; };
		D642BDBD23A9FE4700396732 /* Assets.xcassets in Resources */ = {isa = PBXBuildFile; fileRef = D642BDBC23A9FE4700396732 /* Assets.xcassets */; };
		D642BDC023A9FE4700396732 /* LaunchScreen.storyboard in Resources */ = {isa = PBXBuildFile; fileRef = D642BDBE23A9FE4700396732 /* LaunchScreen.storyboard */; };
		D642BDCB23A9FE4700396732 /* ReversiTests.swift in Sources */ = {isa = PBXBuildFile; fileRef = D642BDCA23A9FE4700396732 /* ReversiTests.swift */; };
		D642BDD623AA0B3900396732 /* CellView.swift in Sources */ = {isa = PBXBuildFile; fileRef = D642BDD523AA0B3900396732 /* CellView.swift */; };
		D642BDDC23AA137C00396732 /* BoardView.swift in Sources */ = {isa = PBXBuildFile; fileRef = D642BDDB23AA137C00396732 /* BoardView.swift */; };
		ED20D52E244AD61E00F7BA46 /* Alert.swift in Sources */ = {isa = PBXBuildFile; fileRef = ED20D52D244AD61E00F7BA46 /* Alert.swift */; };
		ED20D530244AD70A00F7BA46 /* UIAlertControllerExtension.swift in Sources */ = {isa = PBXBuildFile; fileRef = ED20D52F244AD70A00F7BA46 /* UIAlertControllerExtension.swift */; };
		ED20D533244ADCAE00F7BA46 /* MockGameDataCache.swift in Sources */ = {isa = PBXBuildFile; fileRef = ED20D532244ADCAE00F7BA46 /* MockGameDataCache.swift */; };
		ED20D535244B276400F7BA46 /* MockGameLogic.swift in Sources */ = {isa = PBXBuildFile; fileRef = ED20D534244B276400F7BA46 /* MockGameLogic.swift */; };
		ED20D551244B80A300F7BA46 /* RxCocoa in Frameworks */ = {isa = PBXBuildFile; productRef = ED20D550244B80A300F7BA46 /* RxCocoa */; };
		ED20D553244B80A300F7BA46 /* RxRelay in Frameworks */ = {isa = PBXBuildFile; productRef = ED20D552244B80A300F7BA46 /* RxRelay */; };
		ED20D555244B80A300F7BA46 /* RxSwift in Frameworks */ = {isa = PBXBuildFile; productRef = ED20D554244B80A300F7BA46 /* RxSwift */; };
		ED20D557244B826600F7BA46 /* PublishWrapper.swift in Sources */ = {isa = PBXBuildFile; fileRef = ED20D556244B826600F7BA46 /* PublishWrapper.swift */; };
		ED4E71452448DA6D00518585 /* GameDataCacheTests.swift in Sources */ = {isa = PBXBuildFile; fileRef = ED4E71442448DA6D00518585 /* GameDataCacheTests.swift */; };
		ED6EAC7424436B2C00BAF620 /* ReversiLogic.framework in Frameworks */ = {isa = PBXBuildFile; fileRef = ED6EAC6B24436B2B00BAF620 /* ReversiLogic.framework */; };
		ED6EAC7D24436B2C00BAF620 /* ReversiLogic.h in Headers */ = {isa = PBXBuildFile; fileRef = ED6EAC6D24436B2B00BAF620 /* ReversiLogic.h */; settings = {ATTRIBUTES = (Public, ); }; };
		ED6EAC8024436B2C00BAF620 /* ReversiLogic.framework in Frameworks */ = {isa = PBXBuildFile; fileRef = ED6EAC6B24436B2B00BAF620 /* ReversiLogic.framework */; };
		ED6EAC8124436B2C00BAF620 /* ReversiLogic.framework in Embed Frameworks */ = {isa = PBXBuildFile; fileRef = ED6EAC6B24436B2B00BAF620 /* ReversiLogic.framework */; settings = {ATTRIBUTES = (CodeSignOnCopy, RemoveHeadersOnCopy, ); }; };
		ED6EAC9524436C3300BAF620 /* Disk.swift in Sources */ = {isa = PBXBuildFile; fileRef = ED6EAC9424436C3300BAF620 /* Disk.swift */; };
		ED6EAC9B24436D9400BAF620 /* GameDataIO.swift in Sources */ = {isa = PBXBuildFile; fileRef = ED6EAC9A24436D9400BAF620 /* GameDataIO.swift */; };
		ED6EAC9F24436EE800BAF620 /* GameDataIOTests.swift in Sources */ = {isa = PBXBuildFile; fileRef = ED6EAC9E24436EE800BAF620 /* GameDataIOTests.swift */; };
		ED6EACA12443838900BAF620 /* GameData.swift in Sources */ = {isa = PBXBuildFile; fileRef = ED6EACA02443838900BAF620 /* GameData.swift */; };
		ED6EACA42444B1E900BAF620 /* ReversiViewModel.swift in Sources */ = {isa = PBXBuildFile; fileRef = ED6EACA32444B1E900BAF620 /* ReversiViewModel.swift */; };
		ED6EACA62444BDE100BAF620 /* Canceller.swift in Sources */ = {isa = PBXBuildFile; fileRef = ED6EACA52444BDE100BAF620 /* Canceller.swift */; };
		ED6EACA82444CD7E00BAF620 /* ReversiViewModelTests.swift in Sources */ = {isa = PBXBuildFile; fileRef = ED6EACA72444CD7E00BAF620 /* ReversiViewModelTests.swift */; };
		ED6EACAB2444D3C200BAF620 /* MockResponse.swift in Sources */ = {isa = PBXBuildFile; fileRef = ED6EACAA2444D3C200BAF620 /* MockResponse.swift */; };
		ED8CC36224475F0100CD2CAB /* CollectionExtension.swift in Sources */ = {isa = PBXBuildFile; fileRef = ED8CC36124475F0100CD2CAB /* CollectionExtension.swift */; };
		ED8CC36424478D5B00CD2CAB /* GameDataCache.swift in Sources */ = {isa = PBXBuildFile; fileRef = ED8CC36324478D5B00CD2CAB /* GameDataCache.swift */; };
		EDCC2A542448B324009E69F7 /* GameLogic.swift in Sources */ = {isa = PBXBuildFile; fileRef = EDCC2A532448B324009E69F7 /* GameLogic.swift */; };
		EDCC2A562448B3E9009E69F7 /* Coordinate.swift in Sources */ = {isa = PBXBuildFile; fileRef = EDCC2A552448B3E9009E69F7 /* Coordinate.swift */; };
		EDCC2A582448B5D0009E69F7 /* GameLogicTests.swift in Sources */ = {isa = PBXBuildFile; fileRef = EDCC2A572448B5D0009E69F7 /* GameLogicTests.swift */; };
/* End PBXBuildFile section */

/* Begin PBXContainerItemProxy section */
		D642BDC723A9FE4700396732 /* PBXContainerItemProxy */ = {
			isa = PBXContainerItemProxy;
			containerPortal = D642BDA823A9FE4500396732 /* Project object */;
			proxyType = 1;
			remoteGlobalIDString = D642BDAF23A9FE4500396732;
			remoteInfo = Reversi;
		};
		ED6EAC7524436B2C00BAF620 /* PBXContainerItemProxy */ = {
			isa = PBXContainerItemProxy;
			containerPortal = D642BDA823A9FE4500396732 /* Project object */;
			proxyType = 1;
			remoteGlobalIDString = ED6EAC6A24436B2B00BAF620;
			remoteInfo = ReversiLogic;
		};
		ED6EAC7E24436B2C00BAF620 /* PBXContainerItemProxy */ = {
			isa = PBXContainerItemProxy;
			containerPortal = D642BDA823A9FE4500396732 /* Project object */;
			proxyType = 1;
			remoteGlobalIDString = ED6EAC6A24436B2B00BAF620;
			remoteInfo = ReversiLogic;
		};
/* End PBXContainerItemProxy section */

/* Begin PBXCopyFilesBuildPhase section */
		ED6EAC8224436B2C00BAF620 /* Embed Frameworks */ = {
			isa = PBXCopyFilesBuildPhase;
			buildActionMask = 2147483647;
			dstPath = "";
			dstSubfolderSpec = 10;
			files = (
				ED6EAC8124436B2C00BAF620 /* ReversiLogic.framework in Embed Frameworks */,
			);
			name = "Embed Frameworks";
			runOnlyForDeploymentPostprocessing = 0;
		};
/* End PBXCopyFilesBuildPhase section */

/* Begin PBXFileReference section */
		D636B39E23D35043007F370F /* DiskView.swift */ = {isa = PBXFileReference; lastKnownFileType = sourcecode.swift; path = DiskView.swift; sourceTree = "<group>"; };
		D642BDB023A9FE4500396732 /* Reversi.app */ = {isa = PBXFileReference; explicitFileType = wrapper.application; includeInIndex = 0; path = Reversi.app; sourceTree = BUILT_PRODUCTS_DIR; };
		D642BDB323A9FE4500396732 /* AppDelegate.swift */ = {isa = PBXFileReference; lastKnownFileType = sourcecode.swift; path = AppDelegate.swift; sourceTree = "<group>"; };
		D642BDB523A9FE4500396732 /* SceneDelegate.swift */ = {isa = PBXFileReference; lastKnownFileType = sourcecode.swift; path = SceneDelegate.swift; sourceTree = "<group>"; };
		D642BDB723A9FE4500396732 /* ViewController.swift */ = {isa = PBXFileReference; lastKnownFileType = sourcecode.swift; path = ViewController.swift; sourceTree = "<group>"; };
		D642BDBA23A9FE4500396732 /* Base */ = {isa = PBXFileReference; lastKnownFileType = file.storyboard; name = Base; path = Base.lproj/Main.storyboard; sourceTree = "<group>"; };
		D642BDBC23A9FE4700396732 /* Assets.xcassets */ = {isa = PBXFileReference; lastKnownFileType = folder.assetcatalog; path = Assets.xcassets; sourceTree = "<group>"; };
		D642BDBF23A9FE4700396732 /* Base */ = {isa = PBXFileReference; lastKnownFileType = file.storyboard; name = Base; path = Base.lproj/LaunchScreen.storyboard; sourceTree = "<group>"; };
		D642BDC123A9FE4700396732 /* Info.plist */ = {isa = PBXFileReference; lastKnownFileType = text.plist.xml; path = Info.plist; sourceTree = "<group>"; };
		D642BDC623A9FE4700396732 /* ReversiTests.xctest */ = {isa = PBXFileReference; explicitFileType = wrapper.cfbundle; includeInIndex = 0; path = ReversiTests.xctest; sourceTree = BUILT_PRODUCTS_DIR; };
		D642BDCA23A9FE4700396732 /* ReversiTests.swift */ = {isa = PBXFileReference; lastKnownFileType = sourcecode.swift; path = ReversiTests.swift; sourceTree = "<group>"; };
		D642BDCC23A9FE4700396732 /* Info.plist */ = {isa = PBXFileReference; lastKnownFileType = text.plist.xml; path = Info.plist; sourceTree = "<group>"; };
		D642BDD523AA0B3900396732 /* CellView.swift */ = {isa = PBXFileReference; lastKnownFileType = sourcecode.swift; path = CellView.swift; sourceTree = "<group>"; };
		D642BDDB23AA137C00396732 /* BoardView.swift */ = {isa = PBXFileReference; lastKnownFileType = sourcecode.swift; path = BoardView.swift; sourceTree = "<group>"; };
		ED20D52D244AD61E00F7BA46 /* Alert.swift */ = {isa = PBXFileReference; lastKnownFileType = sourcecode.swift; path = Alert.swift; sourceTree = "<group>"; };
		ED20D52F244AD70A00F7BA46 /* UIAlertControllerExtension.swift */ = {isa = PBXFileReference; lastKnownFileType = sourcecode.swift; path = UIAlertControllerExtension.swift; sourceTree = "<group>"; };
		ED20D532244ADCAE00F7BA46 /* MockGameDataCache.swift */ = {isa = PBXFileReference; lastKnownFileType = sourcecode.swift; path = MockGameDataCache.swift; sourceTree = "<group>"; };
		ED20D534244B276400F7BA46 /* MockGameLogic.swift */ = {isa = PBXFileReference; lastKnownFileType = sourcecode.swift; path = MockGameLogic.swift; sourceTree = "<group>"; };
		ED20D556244B826600F7BA46 /* PublishWrapper.swift */ = {isa = PBXFileReference; fileEncoding = 4; lastKnownFileType = sourcecode.swift; path = PublishWrapper.swift; sourceTree = "<group>"; };
		ED4E71442448DA6D00518585 /* GameDataCacheTests.swift */ = {isa = PBXFileReference; lastKnownFileType = sourcecode.swift; path = GameDataCacheTests.swift; sourceTree = "<group>"; };
		ED6EAC6B24436B2B00BAF620 /* ReversiLogic.framework */ = {isa = PBXFileReference; explicitFileType = wrapper.framework; includeInIndex = 0; path = ReversiLogic.framework; sourceTree = BUILT_PRODUCTS_DIR; };
		ED6EAC6D24436B2B00BAF620 /* ReversiLogic.h */ = {isa = PBXFileReference; lastKnownFileType = sourcecode.c.h; path = ReversiLogic.h; sourceTree = "<group>"; };
		ED6EAC6E24436B2B00BAF620 /* Info.plist */ = {isa = PBXFileReference; lastKnownFileType = text.plist.xml; path = Info.plist; sourceTree = "<group>"; };
		ED6EAC7324436B2C00BAF620 /* ReversiLogicTests.xctest */ = {isa = PBXFileReference; explicitFileType = wrapper.cfbundle; includeInIndex = 0; path = ReversiLogicTests.xctest; sourceTree = BUILT_PRODUCTS_DIR; };
		ED6EAC7C24436B2C00BAF620 /* Info.plist */ = {isa = PBXFileReference; lastKnownFileType = text.plist.xml; path = Info.plist; sourceTree = "<group>"; };
		ED6EAC9424436C3300BAF620 /* Disk.swift */ = {isa = PBXFileReference; fileEncoding = 4; lastKnownFileType = sourcecode.swift; path = Disk.swift; sourceTree = "<group>"; };
		ED6EAC9A24436D9400BAF620 /* GameDataIO.swift */ = {isa = PBXFileReference; fileEncoding = 4; lastKnownFileType = sourcecode.swift; path = GameDataIO.swift; sourceTree = "<group>"; };
		ED6EAC9E24436EE800BAF620 /* GameDataIOTests.swift */ = {isa = PBXFileReference; lastKnownFileType = sourcecode.swift; path = GameDataIOTests.swift; sourceTree = "<group>"; };
		ED6EACA02443838900BAF620 /* GameData.swift */ = {isa = PBXFileReference; lastKnownFileType = sourcecode.swift; path = GameData.swift; sourceTree = "<group>"; };
		ED6EACA32444B1E900BAF620 /* ReversiViewModel.swift */ = {isa = PBXFileReference; lastKnownFileType = sourcecode.swift; path = ReversiViewModel.swift; sourceTree = "<group>"; };
		ED6EACA52444BDE100BAF620 /* Canceller.swift */ = {isa = PBXFileReference; lastKnownFileType = sourcecode.swift; path = Canceller.swift; sourceTree = "<group>"; };
		ED6EACA72444CD7E00BAF620 /* ReversiViewModelTests.swift */ = {isa = PBXFileReference; lastKnownFileType = sourcecode.swift; path = ReversiViewModelTests.swift; sourceTree = "<group>"; };
		ED6EACAA2444D3C200BAF620 /* MockResponse.swift */ = {isa = PBXFileReference; lastKnownFileType = sourcecode.swift; path = MockResponse.swift; sourceTree = "<group>"; };
		ED8CC36124475F0100CD2CAB /* CollectionExtension.swift */ = {isa = PBXFileReference; lastKnownFileType = sourcecode.swift; path = CollectionExtension.swift; sourceTree = "<group>"; };
		ED8CC36324478D5B00CD2CAB /* GameDataCache.swift */ = {isa = PBXFileReference; lastKnownFileType = sourcecode.swift; path = GameDataCache.swift; sourceTree = "<group>"; };
		EDCC2A532448B324009E69F7 /* GameLogic.swift */ = {isa = PBXFileReference; lastKnownFileType = sourcecode.swift; path = GameLogic.swift; sourceTree = "<group>"; };
		EDCC2A552448B3E9009E69F7 /* Coordinate.swift */ = {isa = PBXFileReference; lastKnownFileType = sourcecode.swift; path = Coordinate.swift; sourceTree = "<group>"; };
		EDCC2A572448B5D0009E69F7 /* GameLogicTests.swift */ = {isa = PBXFileReference; lastKnownFileType = sourcecode.swift; path = GameLogicTests.swift; sourceTree = "<group>"; };
/* End PBXFileReference section */

/* Begin PBXFrameworksBuildPhase section */
		D642BDAD23A9FE4500396732 /* Frameworks */ = {
			isa = PBXFrameworksBuildPhase;
			buildActionMask = 2147483647;
			files = (
				ED6EAC8024436B2C00BAF620 /* ReversiLogic.framework in Frameworks */,
			);
			runOnlyForDeploymentPostprocessing = 0;
		};
		D642BDC323A9FE4700396732 /* Frameworks */ = {
			isa = PBXFrameworksBuildPhase;
			buildActionMask = 2147483647;
			files = (
			);
			runOnlyForDeploymentPostprocessing = 0;
		};
		ED6EAC6824436B2B00BAF620 /* Frameworks */ = {
			isa = PBXFrameworksBuildPhase;
			buildActionMask = 2147483647;
			files = (
				ED20D555244B80A300F7BA46 /* RxSwift in Frameworks */,
				ED20D553244B80A300F7BA46 /* RxRelay in Frameworks */,
				ED20D551244B80A300F7BA46 /* RxCocoa in Frameworks */,
			);
			runOnlyForDeploymentPostprocessing = 0;
		};
		ED6EAC7024436B2C00BAF620 /* Frameworks */ = {
			isa = PBXFrameworksBuildPhase;
			buildActionMask = 2147483647;
			files = (
				ED6EAC7424436B2C00BAF620 /* ReversiLogic.framework in Frameworks */,
			);
			runOnlyForDeploymentPostprocessing = 0;
		};
/* End PBXFrameworksBuildPhase section */

/* Begin PBXGroup section */
		D636B3A123D43203007F370F /* Views */ = {
			isa = PBXGroup;
			children = (
				D642BDDB23AA137C00396732 /* BoardView.swift */,
				D642BDD523AA0B3900396732 /* CellView.swift */,
				D636B39E23D35043007F370F /* DiskView.swift */,
			);
			name = Views;
			sourceTree = "<group>";
		};
		D642BDA723A9FE4500396732 = {
			isa = PBXGroup;
			children = (
				D642BDB223A9FE4500396732 /* Reversi */,
				D642BDC923A9FE4700396732 /* ReversiTests */,
				ED6EAC6C24436B2B00BAF620 /* ReversiLogic */,
				ED6EAC7924436B2C00BAF620 /* ReversiLogicTests */,
				D642BDB123A9FE4500396732 /* Products */,
				ED20D541244B7ECC00F7BA46 /* Frameworks */,
			);
			sourceTree = "<group>";
		};
		D642BDB123A9FE4500396732 /* Products */ = {
			isa = PBXGroup;
			children = (
				D642BDB023A9FE4500396732 /* Reversi.app */,
				D642BDC623A9FE4700396732 /* ReversiTests.xctest */,
				ED6EAC6B24436B2B00BAF620 /* ReversiLogic.framework */,
				ED6EAC7324436B2C00BAF620 /* ReversiLogicTests.xctest */,
			);
			name = Products;
			sourceTree = "<group>";
		};
		D642BDB223A9FE4500396732 /* Reversi */ = {
			isa = PBXGroup;
			children = (
				D642BDB323A9FE4500396732 /* AppDelegate.swift */,
				D642BDB523A9FE4500396732 /* SceneDelegate.swift */,
				D642BDB723A9FE4500396732 /* ViewController.swift */,
				D642BDB923A9FE4500396732 /* Main.storyboard */,
				D642BDBC23A9FE4700396732 /* Assets.xcassets */,
				D642BDBE23A9FE4700396732 /* LaunchScreen.storyboard */,
				D642BDC123A9FE4700396732 /* Info.plist */,
				D636B3A123D43203007F370F /* Views */,
			);
			path = Reversi;
			sourceTree = "<group>";
		};
		D642BDC923A9FE4700396732 /* ReversiTests */ = {
			isa = PBXGroup;
			children = (
				D642BDCA23A9FE4700396732 /* ReversiTests.swift */,
				D642BDCC23A9FE4700396732 /* Info.plist */,
			);
			path = ReversiTests;
			sourceTree = "<group>";
		};
		ED20D52C244AD60C00F7BA46 /* ViewDataModels */ = {
			isa = PBXGroup;
			children = (
				ED20D52D244AD61E00F7BA46 /* Alert.swift */,
			);
			path = ViewDataModels;
			sourceTree = "<group>";
		};
		ED20D531244ADC8600F7BA46 /* Mock */ = {
			isa = PBXGroup;
			children = (
				ED20D532244ADCAE00F7BA46 /* MockGameDataCache.swift */,
				ED20D534244B276400F7BA46 /* MockGameLogic.swift */,
			);
			path = Mock;
			sourceTree = "<group>";
		};
		ED20D541244B7ECC00F7BA46 /* Frameworks */ = {
			isa = PBXGroup;
			children = (
			);
			name = Frameworks;
			sourceTree = "<group>";
		};
		ED6EAC6C24436B2B00BAF620 /* ReversiLogic */ = {
			isa = PBXGroup;
			children = (
				ED20D52C244AD60C00F7BA46 /* ViewDataModels */,
				ED8CC36024475EF000CD2CAB /* Extension */,
				ED6EACA22444B1D100BAF620 /* ViewModel */,
				ED6EAC9924436D9400BAF620 /* Models */,
				ED6EAC9324436C3300BAF620 /* DataTypes */,
				ED6EAC6D24436B2B00BAF620 /* ReversiLogic.h */,
				ED6EAC6E24436B2B00BAF620 /* Info.plist */,
			);
			path = ReversiLogic;
			sourceTree = "<group>";
		};
		ED6EAC7924436B2C00BAF620 /* ReversiLogicTests */ = {
			isa = PBXGroup;
			children = (
				ED20D531244ADC8600F7BA46 /* Mock */,
				ED6EACA92444D36400BAF620 /* Util */,
				ED6EAC7C24436B2C00BAF620 /* Info.plist */,
				ED4E71442448DA6D00518585 /* GameDataCacheTests.swift */,
				ED6EAC9E24436EE800BAF620 /* GameDataIOTests.swift */,
				EDCC2A572448B5D0009E69F7 /* GameLogicTests.swift */,
				ED6EACA72444CD7E00BAF620 /* ReversiViewModelTests.swift */,
			);
			path = ReversiLogicTests;
			sourceTree = "<group>";
		};
		ED6EAC9324436C3300BAF620 /* DataTypes */ = {
			isa = PBXGroup;
			children = (
				ED6EAC9424436C3300BAF620 /* Disk.swift */,
				ED6EACA02443838900BAF620 /* GameData.swift */,
				EDCC2A552448B3E9009E69F7 /* Coordinate.swift */,
			);
			path = DataTypes;
			sourceTree = "<group>";
		};
		ED6EAC9924436D9400BAF620 /* Models */ = {
			isa = PBXGroup;
			children = (
				ED6EACA52444BDE100BAF620 /* Canceller.swift */,
				ED8CC36324478D5B00CD2CAB /* GameDataCache.swift */,
				ED6EAC9A24436D9400BAF620 /* GameDataIO.swift */,
				EDCC2A532448B324009E69F7 /* GameLogic.swift */,
			);
			path = Models;
			sourceTree = "<group>";
		};
		ED6EACA22444B1D100BAF620 /* ViewModel */ = {
			isa = PBXGroup;
			children = (
				ED6EACA32444B1E900BAF620 /* ReversiViewModel.swift */,
			);
			path = ViewModel;
			sourceTree = "<group>";
		};
		ED6EACA92444D36400BAF620 /* Util */ = {
			isa = PBXGroup;
			children = (
				ED6EACAA2444D3C200BAF620 /* MockResponse.swift */,
			);
			path = Util;
			sourceTree = "<group>";
		};
		ED8CC36024475EF000CD2CAB /* Extension */ = {
			isa = PBXGroup;
			children = (
				ED20D556244B826600F7BA46 /* PublishWrapper.swift */,
				ED8CC36124475F0100CD2CAB /* CollectionExtension.swift */,
				ED20D52F244AD70A00F7BA46 /* UIAlertControllerExtension.swift */,
			);
			path = Extension;
			sourceTree = "<group>";
		};
/* End PBXGroup section */

/* Begin PBXHeadersBuildPhase section */
		ED6EAC6624436B2B00BAF620 /* Headers */ = {
			isa = PBXHeadersBuildPhase;
			buildActionMask = 2147483647;
			files = (
				ED6EAC7D24436B2C00BAF620 /* ReversiLogic.h in Headers */,
			);
			runOnlyForDeploymentPostprocessing = 0;
		};
/* End PBXHeadersBuildPhase section */

/* Begin PBXNativeTarget section */
		D642BDAF23A9FE4500396732 /* Reversi */ = {
			isa = PBXNativeTarget;
			buildConfigurationList = D642BDCF23A9FE4800396732 /* Build configuration list for PBXNativeTarget "Reversi" */;
			buildPhases = (
				D642BDAC23A9FE4500396732 /* Sources */,
				D642BDAD23A9FE4500396732 /* Frameworks */,
				D642BDAE23A9FE4500396732 /* Resources */,
				ED6EAC8224436B2C00BAF620 /* Embed Frameworks */,
			);
			buildRules = (
			);
			dependencies = (
				ED20D54B244B809400F7BA46 /* PBXTargetDependency */,
				ED20D54D244B809400F7BA46 /* PBXTargetDependency */,
				ED20D54F244B809400F7BA46 /* PBXTargetDependency */,
				ED6EAC7F24436B2C00BAF620 /* PBXTargetDependency */,
			);
			name = Reversi;
			packageProductDependencies = (
			);
			productName = Reversi;
			productReference = D642BDB023A9FE4500396732 /* Reversi.app */;
			productType = "com.apple.product-type.application";
		};
		D642BDC523A9FE4700396732 /* ReversiTests */ = {
			isa = PBXNativeTarget;
			buildConfigurationList = D642BDD223A9FE4800396732 /* Build configuration list for PBXNativeTarget "ReversiTests" */;
			buildPhases = (
				D642BDC223A9FE4700396732 /* Sources */,
				D642BDC323A9FE4700396732 /* Frameworks */,
				D642BDC423A9FE4700396732 /* Resources */,
			);
			buildRules = (
			);
			dependencies = (
				D642BDC823A9FE4700396732 /* PBXTargetDependency */,
			);
			name = ReversiTests;
			productName = ReversiTests;
			productReference = D642BDC623A9FE4700396732 /* ReversiTests.xctest */;
			productType = "com.apple.product-type.bundle.unit-test";
		};
		ED6EAC6A24436B2B00BAF620 /* ReversiLogic */ = {
			isa = PBXNativeTarget;
			buildConfigurationList = ED6EAC8724436B2C00BAF620 /* Build configuration list for PBXNativeTarget "ReversiLogic" */;
			buildPhases = (
				ED6EAC6624436B2B00BAF620 /* Headers */,
				ED6EAC6724436B2B00BAF620 /* Sources */,
				ED6EAC6824436B2B00BAF620 /* Frameworks */,
				ED6EAC6924436B2B00BAF620 /* Resources */,
			);
			buildRules = (
			);
			dependencies = (
			);
			name = ReversiLogic;
			packageProductDependencies = (
				ED20D550244B80A300F7BA46 /* RxCocoa */,
				ED20D552244B80A300F7BA46 /* RxRelay */,
				ED20D554244B80A300F7BA46 /* RxSwift */,
			);
			productName = ReversiLogic;
			productReference = ED6EAC6B24436B2B00BAF620 /* ReversiLogic.framework */;
			productType = "com.apple.product-type.framework";
		};
		ED6EAC7224436B2C00BAF620 /* ReversiLogicTests */ = {
			isa = PBXNativeTarget;
			buildConfigurationList = ED6EAC8824436B2C00BAF620 /* Build configuration list for PBXNativeTarget "ReversiLogicTests" */;
			buildPhases = (
				ED6EAC6F24436B2C00BAF620 /* Sources */,
				ED6EAC7024436B2C00BAF620 /* Frameworks */,
				ED6EAC7124436B2C00BAF620 /* Resources */,
			);
			buildRules = (
			);
			dependencies = (
				ED6EAC7624436B2C00BAF620 /* PBXTargetDependency */,
			);
			name = ReversiLogicTests;
			productName = ReversiLogicTests;
			productReference = ED6EAC7324436B2C00BAF620 /* ReversiLogicTests.xctest */;
			productType = "com.apple.product-type.bundle.unit-test";
		};
/* End PBXNativeTarget section */

/* Begin PBXProject section */
		D642BDA823A9FE4500396732 /* Project object */ = {
			isa = PBXProject;
			attributes = {
				LastSwiftUpdateCheck = 1130;
				LastUpgradeCheck = 1130;
				ORGANIZATIONNAME = "Yuta Koshizawa";
				TargetAttributes = {
					D642BDAF23A9FE4500396732 = {
						CreatedOnToolsVersion = 11.3;
					};
					D642BDC523A9FE4700396732 = {
						CreatedOnToolsVersion = 11.3;
						TestTargetID = D642BDAF23A9FE4500396732;
					};
					ED6EAC6A24436B2B00BAF620 = {
						CreatedOnToolsVersion = 11.3.1;
					};
					ED6EAC7224436B2C00BAF620 = {
						CreatedOnToolsVersion = 11.3.1;
						LastSwiftMigration = 1130;
					};
				};
			};
			buildConfigurationList = D642BDAB23A9FE4500396732 /* Build configuration list for PBXProject "Reversi" */;
			compatibilityVersion = "Xcode 9.3";
			developmentRegion = en;
			hasScannedForEncodings = 0;
			knownRegions = (
				en,
				Base,
			);
			mainGroup = D642BDA723A9FE4500396732;
			packageReferences = (
				ED20D536244B7C5E00F7BA46 /* XCRemoteSwiftPackageReference "RxSwift" */,
			);
			productRefGroup = D642BDB123A9FE4500396732 /* Products */;
			projectDirPath = "";
			projectRoot = "";
			targets = (
				D642BDAF23A9FE4500396732 /* Reversi */,
				D642BDC523A9FE4700396732 /* ReversiTests */,
				ED6EAC6A24436B2B00BAF620 /* ReversiLogic */,
				ED6EAC7224436B2C00BAF620 /* ReversiLogicTests */,
			);
		};
/* End PBXProject section */

/* Begin PBXResourcesBuildPhase section */
		D642BDAE23A9FE4500396732 /* Resources */ = {
			isa = PBXResourcesBuildPhase;
			buildActionMask = 2147483647;
			files = (
				D642BDC023A9FE4700396732 /* LaunchScreen.storyboard in Resources */,
				D642BDBD23A9FE4700396732 /* Assets.xcassets in Resources */,
				D642BDBB23A9FE4500396732 /* Main.storyboard in Resources */,
			);
			runOnlyForDeploymentPostprocessing = 0;
		};
		D642BDC423A9FE4700396732 /* Resources */ = {
			isa = PBXResourcesBuildPhase;
			buildActionMask = 2147483647;
			files = (
			);
			runOnlyForDeploymentPostprocessing = 0;
		};
		ED6EAC6924436B2B00BAF620 /* Resources */ = {
			isa = PBXResourcesBuildPhase;
			buildActionMask = 2147483647;
			files = (
			);
			runOnlyForDeploymentPostprocessing = 0;
		};
		ED6EAC7124436B2C00BAF620 /* Resources */ = {
			isa = PBXResourcesBuildPhase;
			buildActionMask = 2147483647;
			files = (
			);
			runOnlyForDeploymentPostprocessing = 0;
		};
/* End PBXResourcesBuildPhase section */

/* Begin PBXSourcesBuildPhase section */
		D642BDAC23A9FE4500396732 /* Sources */ = {
			isa = PBXSourcesBuildPhase;
			buildActionMask = 2147483647;
			files = (
				D636B39F23D35043007F370F /* DiskView.swift in Sources */,
				D642BDD623AA0B3900396732 /* CellView.swift in Sources */,
				D642BDB823A9FE4500396732 /* ViewController.swift in Sources */,
				D642BDDC23AA137C00396732 /* BoardView.swift in Sources */,
				D642BDB423A9FE4500396732 /* AppDelegate.swift in Sources */,
				D642BDB623A9FE4500396732 /* SceneDelegate.swift in Sources */,
			);
			runOnlyForDeploymentPostprocessing = 0;
		};
		D642BDC223A9FE4700396732 /* Sources */ = {
			isa = PBXSourcesBuildPhase;
			buildActionMask = 2147483647;
			files = (
				D642BDCB23A9FE4700396732 /* ReversiTests.swift in Sources */,
			);
			runOnlyForDeploymentPostprocessing = 0;
		};
		ED6EAC6724436B2B00BAF620 /* Sources */ = {
			isa = PBXSourcesBuildPhase;
			buildActionMask = 2147483647;
			files = (
				ED6EACA12443838900BAF620 /* GameData.swift in Sources */,
				ED8CC36424478D5B00CD2CAB /* GameDataCache.swift in Sources */,
				EDCC2A542448B324009E69F7 /* GameLogic.swift in Sources */,
				ED6EACA42444B1E900BAF620 /* ReversiViewModel.swift in Sources */,
				EDCC2A562448B3E9009E69F7 /* Coordinate.swift in Sources */,
				ED6EACA62444BDE100BAF620 /* Canceller.swift in Sources */,
				ED6EAC9524436C3300BAF620 /* Disk.swift in Sources */,
				ED20D557244B826600F7BA46 /* PublishWrapper.swift in Sources */,
				ED20D530244AD70A00F7BA46 /* UIAlertControllerExtension.swift in Sources */,
				ED6EAC9B24436D9400BAF620 /* GameDataIO.swift in Sources */,
				ED20D52E244AD61E00F7BA46 /* Alert.swift in Sources */,
				ED8CC36224475F0100CD2CAB /* CollectionExtension.swift in Sources */,
			);
			runOnlyForDeploymentPostprocessing = 0;
		};
		ED6EAC6F24436B2C00BAF620 /* Sources */ = {
			isa = PBXSourcesBuildPhase;
			buildActionMask = 2147483647;
			files = (
				ED6EACAB2444D3C200BAF620 /* MockResponse.swift in Sources */,
				ED4E71452448DA6D00518585 /* GameDataCacheTests.swift in Sources */,
				ED20D533244ADCAE00F7BA46 /* MockGameDataCache.swift in Sources */,
				ED6EAC9F24436EE800BAF620 /* GameDataIOTests.swift in Sources */,
				EDCC2A582448B5D0009E69F7 /* GameLogicTests.swift in Sources */,
				ED20D535244B276400F7BA46 /* MockGameLogic.swift in Sources */,
				ED6EACA82444CD7E00BAF620 /* ReversiViewModelTests.swift in Sources */,
			);
			runOnlyForDeploymentPostprocessing = 0;
		};
/* End PBXSourcesBuildPhase section */

/* Begin PBXTargetDependency section */
		D642BDC823A9FE4700396732 /* PBXTargetDependency */ = {
			isa = PBXTargetDependency;
			target = D642BDAF23A9FE4500396732 /* Reversi */;
			targetProxy = D642BDC723A9FE4700396732 /* PBXContainerItemProxy */;
		};
		ED20D54B244B809400F7BA46 /* PBXTargetDependency */ = {
			isa = PBXTargetDependency;
			productRef = ED20D54A244B809400F7BA46 /* RxCocoa */;
		};
		ED20D54D244B809400F7BA46 /* PBXTargetDependency */ = {
			isa = PBXTargetDependency;
			productRef = ED20D54C244B809400F7BA46 /* RxRelay */;
		};
		ED20D54F244B809400F7BA46 /* PBXTargetDependency */ = {
			isa = PBXTargetDependency;
			productRef = ED20D54E244B809400F7BA46 /* RxSwift */;
		};
		ED6EAC7624436B2C00BAF620 /* PBXTargetDependency */ = {
			isa = PBXTargetDependency;
			target = ED6EAC6A24436B2B00BAF620 /* ReversiLogic */;
			targetProxy = ED6EAC7524436B2C00BAF620 /* PBXContainerItemProxy */;
		};
		ED6EAC7F24436B2C00BAF620 /* PBXTargetDependency */ = {
			isa = PBXTargetDependency;
			target = ED6EAC6A24436B2B00BAF620 /* ReversiLogic */;
			targetProxy = ED6EAC7E24436B2C00BAF620 /* PBXContainerItemProxy */;
		};
/* End PBXTargetDependency section */

/* Begin PBXVariantGroup section */
		D642BDB923A9FE4500396732 /* Main.storyboard */ = {
			isa = PBXVariantGroup;
			children = (
				D642BDBA23A9FE4500396732 /* Base */,
			);
			name = Main.storyboard;
			sourceTree = "<group>";
		};
		D642BDBE23A9FE4700396732 /* LaunchScreen.storyboard */ = {
			isa = PBXVariantGroup;
			children = (
				D642BDBF23A9FE4700396732 /* Base */,
			);
			name = LaunchScreen.storyboard;
			sourceTree = "<group>";
		};
/* End PBXVariantGroup section */

/* Begin XCBuildConfiguration section */
		D642BDCD23A9FE4800396732 /* Debug */ = {
			isa = XCBuildConfiguration;
			buildSettings = {
				ALWAYS_SEARCH_USER_PATHS = NO;
				CLANG_ANALYZER_NONNULL = YES;
				CLANG_ANALYZER_NUMBER_OBJECT_CONVERSION = YES_AGGRESSIVE;
				CLANG_CXX_LANGUAGE_STANDARD = "gnu++14";
				CLANG_CXX_LIBRARY = "libc++";
				CLANG_ENABLE_MODULES = YES;
				CLANG_ENABLE_OBJC_ARC = YES;
				CLANG_ENABLE_OBJC_WEAK = YES;
				CLANG_WARN_BLOCK_CAPTURE_AUTORELEASING = YES;
				CLANG_WARN_BOOL_CONVERSION = YES;
				CLANG_WARN_COMMA = YES;
				CLANG_WARN_CONSTANT_CONVERSION = YES;
				CLANG_WARN_DEPRECATED_OBJC_IMPLEMENTATIONS = YES;
				CLANG_WARN_DIRECT_OBJC_ISA_USAGE = YES_ERROR;
				CLANG_WARN_DOCUMENTATION_COMMENTS = YES;
				CLANG_WARN_EMPTY_BODY = YES;
				CLANG_WARN_ENUM_CONVERSION = YES;
				CLANG_WARN_INFINITE_RECURSION = YES;
				CLANG_WARN_INT_CONVERSION = YES;
				CLANG_WARN_NON_LITERAL_NULL_CONVERSION = YES;
				CLANG_WARN_OBJC_IMPLICIT_RETAIN_SELF = YES;
				CLANG_WARN_OBJC_LITERAL_CONVERSION = YES;
				CLANG_WARN_OBJC_ROOT_CLASS = YES_ERROR;
				CLANG_WARN_RANGE_LOOP_ANALYSIS = YES;
				CLANG_WARN_STRICT_PROTOTYPES = YES;
				CLANG_WARN_SUSPICIOUS_MOVE = YES;
				CLANG_WARN_UNGUARDED_AVAILABILITY = YES_AGGRESSIVE;
				CLANG_WARN_UNREACHABLE_CODE = YES;
				CLANG_WARN__DUPLICATE_METHOD_MATCH = YES;
				COPY_PHASE_STRIP = NO;
				DEBUG_INFORMATION_FORMAT = dwarf;
				ENABLE_STRICT_OBJC_MSGSEND = YES;
				ENABLE_TESTABILITY = YES;
				GCC_C_LANGUAGE_STANDARD = gnu11;
				GCC_DYNAMIC_NO_PIC = NO;
				GCC_NO_COMMON_BLOCKS = YES;
				GCC_OPTIMIZATION_LEVEL = 0;
				GCC_PREPROCESSOR_DEFINITIONS = (
					"DEBUG=1",
					"$(inherited)",
				);
				GCC_WARN_64_TO_32_BIT_CONVERSION = YES;
				GCC_WARN_ABOUT_RETURN_TYPE = YES_ERROR;
				GCC_WARN_UNDECLARED_SELECTOR = YES;
				GCC_WARN_UNINITIALIZED_AUTOS = YES_AGGRESSIVE;
				GCC_WARN_UNUSED_FUNCTION = YES;
				GCC_WARN_UNUSED_VARIABLE = YES;
				MTL_ENABLE_DEBUG_INFO = INCLUDE_SOURCE;
				MTL_FAST_MATH = YES;
				ONLY_ACTIVE_ARCH = YES;
				SDKROOT = iphoneos;
				SWIFT_ACTIVE_COMPILATION_CONDITIONS = DEBUG;
				SWIFT_OPTIMIZATION_LEVEL = "-Onone";
			};
			name = Debug;
		};
		D642BDCE23A9FE4800396732 /* Release */ = {
			isa = XCBuildConfiguration;
			buildSettings = {
				ALWAYS_SEARCH_USER_PATHS = NO;
				CLANG_ANALYZER_NONNULL = YES;
				CLANG_ANALYZER_NUMBER_OBJECT_CONVERSION = YES_AGGRESSIVE;
				CLANG_CXX_LANGUAGE_STANDARD = "gnu++14";
				CLANG_CXX_LIBRARY = "libc++";
				CLANG_ENABLE_MODULES = YES;
				CLANG_ENABLE_OBJC_ARC = YES;
				CLANG_ENABLE_OBJC_WEAK = YES;
				CLANG_WARN_BLOCK_CAPTURE_AUTORELEASING = YES;
				CLANG_WARN_BOOL_CONVERSION = YES;
				CLANG_WARN_COMMA = YES;
				CLANG_WARN_CONSTANT_CONVERSION = YES;
				CLANG_WARN_DEPRECATED_OBJC_IMPLEMENTATIONS = YES;
				CLANG_WARN_DIRECT_OBJC_ISA_USAGE = YES_ERROR;
				CLANG_WARN_DOCUMENTATION_COMMENTS = YES;
				CLANG_WARN_EMPTY_BODY = YES;
				CLANG_WARN_ENUM_CONVERSION = YES;
				CLANG_WARN_INFINITE_RECURSION = YES;
				CLANG_WARN_INT_CONVERSION = YES;
				CLANG_WARN_NON_LITERAL_NULL_CONVERSION = YES;
				CLANG_WARN_OBJC_IMPLICIT_RETAIN_SELF = YES;
				CLANG_WARN_OBJC_LITERAL_CONVERSION = YES;
				CLANG_WARN_OBJC_ROOT_CLASS = YES_ERROR;
				CLANG_WARN_RANGE_LOOP_ANALYSIS = YES;
				CLANG_WARN_STRICT_PROTOTYPES = YES;
				CLANG_WARN_SUSPICIOUS_MOVE = YES;
				CLANG_WARN_UNGUARDED_AVAILABILITY = YES_AGGRESSIVE;
				CLANG_WARN_UNREACHABLE_CODE = YES;
				CLANG_WARN__DUPLICATE_METHOD_MATCH = YES;
				COPY_PHASE_STRIP = NO;
				DEBUG_INFORMATION_FORMAT = "dwarf-with-dsym";
				ENABLE_NS_ASSERTIONS = NO;
				ENABLE_STRICT_OBJC_MSGSEND = YES;
				GCC_C_LANGUAGE_STANDARD = gnu11;
				GCC_NO_COMMON_BLOCKS = YES;
				GCC_WARN_64_TO_32_BIT_CONVERSION = YES;
				GCC_WARN_ABOUT_RETURN_TYPE = YES_ERROR;
				GCC_WARN_UNDECLARED_SELECTOR = YES;
				GCC_WARN_UNINITIALIZED_AUTOS = YES_AGGRESSIVE;
				GCC_WARN_UNUSED_FUNCTION = YES;
				GCC_WARN_UNUSED_VARIABLE = YES;
				MTL_ENABLE_DEBUG_INFO = NO;
				MTL_FAST_MATH = YES;
				SDKROOT = iphoneos;
				SWIFT_COMPILATION_MODE = wholemodule;
				SWIFT_OPTIMIZATION_LEVEL = "-O";
				VALIDATE_PRODUCT = YES;
			};
			name = Release;
		};
		D642BDD023A9FE4800396732 /* Debug */ = {
			isa = XCBuildConfiguration;
			buildSettings = {
				ALWAYS_EMBED_SWIFT_STANDARD_LIBRARIES = YES;
				ASSETCATALOG_COMPILER_APPICON_NAME = AppIcon;
				CODE_SIGN_STYLE = Automatic;
				INFOPLIST_FILE = Reversi/Info.plist;
				LD_RUNPATH_SEARCH_PATHS = (
					"$(inherited)",
					"@executable_path/Frameworks",
				);
				PRODUCT_BUNDLE_IDENTIFIER = org.koherent.Reversi;
				PRODUCT_NAME = "$(TARGET_NAME)";
				SWIFT_VERSION = 5.0;
				TARGETED_DEVICE_FAMILY = "1,2";
			};
			name = Debug;
		};
		D642BDD123A9FE4800396732 /* Release */ = {
			isa = XCBuildConfiguration;
			buildSettings = {
				ALWAYS_EMBED_SWIFT_STANDARD_LIBRARIES = YES;
				ASSETCATALOG_COMPILER_APPICON_NAME = AppIcon;
				CODE_SIGN_STYLE = Automatic;
				INFOPLIST_FILE = Reversi/Info.plist;
				LD_RUNPATH_SEARCH_PATHS = (
					"$(inherited)",
					"@executable_path/Frameworks",
				);
				PRODUCT_BUNDLE_IDENTIFIER = org.koherent.Reversi;
				PRODUCT_NAME = "$(TARGET_NAME)";
				SWIFT_VERSION = 5.0;
				TARGETED_DEVICE_FAMILY = "1,2";
			};
			name = Release;
		};
		D642BDD323A9FE4800396732 /* Debug */ = {
			isa = XCBuildConfiguration;
			buildSettings = {
				ALWAYS_EMBED_SWIFT_STANDARD_LIBRARIES = YES;
				BUNDLE_LOADER = "$(TEST_HOST)";
				CODE_SIGN_STYLE = Automatic;
				INFOPLIST_FILE = ReversiTests/Info.plist;
				LD_RUNPATH_SEARCH_PATHS = (
					"$(inherited)",
					"@executable_path/Frameworks",
					"@loader_path/Frameworks",
				);
				PRODUCT_BUNDLE_IDENTIFIER = org.koherent.ReversiTests;
				PRODUCT_NAME = "$(TARGET_NAME)";
				SWIFT_VERSION = 5.0;
				TARGETED_DEVICE_FAMILY = "1,2";
				TEST_HOST = "$(BUILT_PRODUCTS_DIR)/Reversi.app/Reversi";
			};
			name = Debug;
		};
		D642BDD423A9FE4800396732 /* Release */ = {
			isa = XCBuildConfiguration;
			buildSettings = {
				ALWAYS_EMBED_SWIFT_STANDARD_LIBRARIES = YES;
				BUNDLE_LOADER = "$(TEST_HOST)";
				CODE_SIGN_STYLE = Automatic;
				INFOPLIST_FILE = ReversiTests/Info.plist;
				LD_RUNPATH_SEARCH_PATHS = (
					"$(inherited)",
					"@executable_path/Frameworks",
					"@loader_path/Frameworks",
				);
				PRODUCT_BUNDLE_IDENTIFIER = org.koherent.ReversiTests;
				PRODUCT_NAME = "$(TARGET_NAME)";
				SWIFT_VERSION = 5.0;
				TARGETED_DEVICE_FAMILY = "1,2";
				TEST_HOST = "$(BUILT_PRODUCTS_DIR)/Reversi.app/Reversi";
			};
			name = Release;
		};
		ED6EAC8324436B2C00BAF620 /* Debug */ = {
			isa = XCBuildConfiguration;
			buildSettings = {
				CODE_SIGN_STYLE = Automatic;
				CURRENT_PROJECT_VERSION = 1;
				DEFINES_MODULE = YES;
				DYLIB_COMPATIBILITY_VERSION = 1;
				DYLIB_CURRENT_VERSION = 1;
				DYLIB_INSTALL_NAME_BASE = "@rpath";
				INFOPLIST_FILE = ReversiLogic/Info.plist;
				INSTALL_PATH = "$(LOCAL_LIBRARY_DIR)/Frameworks";
				IPHONEOS_DEPLOYMENT_TARGET = 13.2;
				LD_RUNPATH_SEARCH_PATHS = (
					"$(inherited)",
					"@executable_path/Frameworks",
					"@loader_path/Frameworks",
				);
				PRODUCT_BUNDLE_IDENTIFIER = "jp.marty-suzuki.ReversiLogic";
				PRODUCT_NAME = "$(TARGET_NAME:c99extidentifier)";
				SKIP_INSTALL = YES;
				SWIFT_VERSION = 5.0;
				TARGETED_DEVICE_FAMILY = "1,2";
				VERSIONING_SYSTEM = "apple-generic";
				VERSION_INFO_PREFIX = "";
			};
			name = Debug;
		};
		ED6EAC8424436B2C00BAF620 /* Release */ = {
			isa = XCBuildConfiguration;
			buildSettings = {
				CODE_SIGN_STYLE = Automatic;
				CURRENT_PROJECT_VERSION = 1;
				DEFINES_MODULE = YES;
				DYLIB_COMPATIBILITY_VERSION = 1;
				DYLIB_CURRENT_VERSION = 1;
				DYLIB_INSTALL_NAME_BASE = "@rpath";
				INFOPLIST_FILE = ReversiLogic/Info.plist;
				INSTALL_PATH = "$(LOCAL_LIBRARY_DIR)/Frameworks";
				IPHONEOS_DEPLOYMENT_TARGET = 13.2;
				LD_RUNPATH_SEARCH_PATHS = (
					"$(inherited)",
					"@executable_path/Frameworks",
					"@loader_path/Frameworks",
				);
				PRODUCT_BUNDLE_IDENTIFIER = "jp.marty-suzuki.ReversiLogic";
				PRODUCT_NAME = "$(TARGET_NAME:c99extidentifier)";
				SKIP_INSTALL = YES;
				SWIFT_VERSION = 5.0;
				TARGETED_DEVICE_FAMILY = "1,2";
				VERSIONING_SYSTEM = "apple-generic";
				VERSION_INFO_PREFIX = "";
			};
			name = Release;
		};
		ED6EAC8524436B2C00BAF620 /* Debug */ = {
			isa = XCBuildConfiguration;
			buildSettings = {
				ALWAYS_EMBED_SWIFT_STANDARD_LIBRARIES = YES;
				CLANG_ENABLE_MODULES = YES;
				CODE_SIGN_STYLE = Automatic;
				INFOPLIST_FILE = ReversiLogicTests/Info.plist;
				IPHONEOS_DEPLOYMENT_TARGET = 13.2;
				LD_RUNPATH_SEARCH_PATHS = (
					"$(inherited)",
					"@executable_path/Frameworks",
					"@loader_path/Frameworks",
				);
				PRODUCT_BUNDLE_IDENTIFIER = "jp.marty-suzuki.ReversiLogicTests";
				PRODUCT_NAME = "$(TARGET_NAME)";
				SWIFT_OPTIMIZATION_LEVEL = "-Onone";
				SWIFT_VERSION = 5.0;
				TARGETED_DEVICE_FAMILY = "1,2";
			};
			name = Debug;
		};
		ED6EAC8624436B2C00BAF620 /* Release */ = {
			isa = XCBuildConfiguration;
			buildSettings = {
				ALWAYS_EMBED_SWIFT_STANDARD_LIBRARIES = YES;
				CLANG_ENABLE_MODULES = YES;
				CODE_SIGN_STYLE = Automatic;
				INFOPLIST_FILE = ReversiLogicTests/Info.plist;
				IPHONEOS_DEPLOYMENT_TARGET = 13.2;
				LD_RUNPATH_SEARCH_PATHS = (
					"$(inherited)",
					"@executable_path/Frameworks",
					"@loader_path/Frameworks",
				);
				PRODUCT_BUNDLE_IDENTIFIER = "jp.marty-suzuki.ReversiLogicTests";
				PRODUCT_NAME = "$(TARGET_NAME)";
				SWIFT_VERSION = 5.0;
				TARGETED_DEVICE_FAMILY = "1,2";
			};
			name = Release;
		};
/* End XCBuildConfiguration section */

/* Begin XCConfigurationList section */
		D642BDAB23A9FE4500396732 /* Build configuration list for PBXProject "Reversi" */ = {
			isa = XCConfigurationList;
			buildConfigurations = (
				D642BDCD23A9FE4800396732 /* Debug */,
				D642BDCE23A9FE4800396732 /* Release */,
			);
			defaultConfigurationIsVisible = 0;
			defaultConfigurationName = Release;
		};
		D642BDCF23A9FE4800396732 /* Build configuration list for PBXNativeTarget "Reversi" */ = {
			isa = XCConfigurationList;
			buildConfigurations = (
				D642BDD023A9FE4800396732 /* Debug */,
				D642BDD123A9FE4800396732 /* Release */,
			);
			defaultConfigurationIsVisible = 0;
			defaultConfigurationName = Release;
		};
		D642BDD223A9FE4800396732 /* Build configuration list for PBXNativeTarget "ReversiTests" */ = {
			isa = XCConfigurationList;
			buildConfigurations = (
				D642BDD323A9FE4800396732 /* Debug */,
				D642BDD423A9FE4800396732 /* Release */,
			);
			defaultConfigurationIsVisible = 0;
			defaultConfigurationName = Release;
		};
		ED6EAC8724436B2C00BAF620 /* Build configuration list for PBXNativeTarget "ReversiLogic" */ = {
			isa = XCConfigurationList;
			buildConfigurations = (
				ED6EAC8324436B2C00BAF620 /* Debug */,
				ED6EAC8424436B2C00BAF620 /* Release */,
			);
			defaultConfigurationIsVisible = 0;
			defaultConfigurationName = Release;
		};
		ED6EAC8824436B2C00BAF620 /* Build configuration list for PBXNativeTarget "ReversiLogicTests" */ = {
			isa = XCConfigurationList;
			buildConfigurations = (
				ED6EAC8524436B2C00BAF620 /* Debug */,
				ED6EAC8624436B2C00BAF620 /* Release */,
			);
			defaultConfigurationIsVisible = 0;
			defaultConfigurationName = Release;
		};
/* End XCConfigurationList section */

/* Begin XCRemoteSwiftPackageReference section */
		ED20D536244B7C5E00F7BA46 /* XCRemoteSwiftPackageReference "RxSwift" */ = {
			isa = XCRemoteSwiftPackageReference;
			repositoryURL = "https://github.com/ReactiveX/RxSwift";
			requirement = {
				kind = upToNextMajorVersion;
				minimumVersion = 5.1.1;
			};
		};
/* End XCRemoteSwiftPackageReference section */

/* Begin XCSwiftPackageProductDependency section */
		ED20D54A244B809400F7BA46 /* RxCocoa */ = {
			isa = XCSwiftPackageProductDependency;
			package = ED20D536244B7C5E00F7BA46 /* XCRemoteSwiftPackageReference "RxSwift" */;
			productName = RxCocoa;
		};
		ED20D54C244B809400F7BA46 /* RxRelay */ = {
			isa = XCSwiftPackageProductDependency;
			package = ED20D536244B7C5E00F7BA46 /* XCRemoteSwiftPackageReference "RxSwift" */;
			productName = RxRelay;
		};
		ED20D54E244B809400F7BA46 /* RxSwift */ = {
			isa = XCSwiftPackageProductDependency;
			package = ED20D536244B7C5E00F7BA46 /* XCRemoteSwiftPackageReference "RxSwift" */;
			productName = RxSwift;
		};
		ED20D550244B80A300F7BA46 /* RxCocoa */ = {
			isa = XCSwiftPackageProductDependency;
			package = ED20D536244B7C5E00F7BA46 /* XCRemoteSwiftPackageReference "RxSwift" */;
			productName = RxCocoa;
		};
		ED20D552244B80A300F7BA46 /* RxRelay */ = {
			isa = XCSwiftPackageProductDependency;
			package = ED20D536244B7C5E00F7BA46 /* XCRemoteSwiftPackageReference "RxSwift" */;
			productName = RxRelay;
		};
		ED20D554244B80A300F7BA46 /* RxSwift */ = {
			isa = XCSwiftPackageProductDependency;
			package = ED20D536244B7C5E00F7BA46 /* XCRemoteSwiftPackageReference "RxSwift" */;
			productName = RxSwift;
		};
/* End XCSwiftPackageProductDependency section */
	};
	rootObject = D642BDA823A9FE4500396732 /* Project object */;
}
