// !$*UTF8*$!
{
	archiveVersion = 1;
	classes = {
	};
	objectVersion = 50;
	objects = {

/* Begin PBXBuildFile section */
		D636B39F23D35043007F370F /* DiskView.swift in Sources */ = {isa = PBXBuildFile; fileRef = D636B39E23D35043007F370F /* DiskView.swift */; };
		D642BDB423A9FE4500396732 /* AppDelegate.swift in Sources */ = {isa = PBXBuildFile; fileRef = D642BDB323A9FE4500396732 /* AppDelegate.swift */; };
		D642BDB623A9FE4500396732 /* SceneDelegate.swift in Sources */ = {isa = PBXBuildFile; fileRef = D642BDB523A9FE4500396732 /* SceneDelegate.swift */; };
		D642BDB823A9FE4500396732 /* ViewController.swift in Sources */ = {isa = PBXBuildFile; fileRef = D642BDB723A9FE4500396732 /* ViewController.swift */; };
		D642BDBB23A9FE4500396732 /* Main.storyboard in Resources */ = {isa = PBXBuildFile; fileRef = D642BDB923A9FE4500396732 /* Main.storyboard */; };
		D642BDBD23A9FE4700396732 /* Assets.xcassets in Resources */ = {isa = PBXBuildFile; fileRef = D642BDBC23A9FE4700396732 /* Assets.xcassets */; };
		D642BDC023A9FE4700396732 /* LaunchScreen.storyboard in Resources */ = {isa = PBXBuildFile; fileRef = D642BDBE23A9FE4700396732 /* LaunchScreen.storyboard */; };
		D642BDCB23A9FE4700396732 /* ReversiTests.swift in Sources */ = {isa = PBXBuildFile; fileRef = D642BDCA23A9FE4700396732 /* ReversiTests.swift */; };
		D642BDD623AA0B3900396732 /* CellView.swift in Sources */ = {isa = PBXBuildFile; fileRef = D642BDD523AA0B3900396732 /* CellView.swift */; };
		D642BDDC23AA137C00396732 /* BoardView.swift in Sources */ = {isa = PBXBuildFile; fileRef = D642BDDB23AA137C00396732 /* BoardView.swift */; };
		ED1BEDB62452EBAA0066E68E /* MockReversiManagementStream.swift in Sources */ = {isa = PBXBuildFile; fileRef = ED1BEDB52452EBAA0066E68E /* MockReversiManagementStream.swift */; };
		ED1BEDBB2452F0700066E68E /* MockFlippedDiskCoordinates.swift in Sources */ = {isa = PBXBuildFile; fileRef = ED1BEDBA2452F0700066E68E /* MockFlippedDiskCoordinates.swift */; };
		ED20D52E244AD61E00F7BA46 /* Alert.swift in Sources */ = {isa = PBXBuildFile; fileRef = ED20D52D244AD61E00F7BA46 /* Alert.swift */; };
		ED20D530244AD70A00F7BA46 /* UIAlertControllerExtension.swift in Sources */ = {isa = PBXBuildFile; fileRef = ED20D52F244AD70A00F7BA46 /* UIAlertControllerExtension.swift */; };
		ED20D533244ADCAE00F7BA46 /* MockGameDataCache.swift in Sources */ = {isa = PBXBuildFile; fileRef = ED20D532244ADCAE00F7BA46 /* MockGameDataCache.swift */; };
		ED20D557244B826600F7BA46 /* PublishWrapper.swift in Sources */ = {isa = PBXBuildFile; fileRef = ED20D556244B826600F7BA46 /* PublishWrapper.swift */; };
		ED20D56D244C2D6F00F7BA46 /* BehaviorWrapper.swift in Sources */ = {isa = PBXBuildFile; fileRef = ED20D56B244C2D6F00F7BA46 /* BehaviorWrapper.swift */; };
		ED20D56E244C2D6F00F7BA46 /* ValueObservable.swift in Sources */ = {isa = PBXBuildFile; fileRef = ED20D56C244C2D6F00F7BA46 /* ValueObservable.swift */; };
		ED349E3824669BCA0014BCDC /* AnimateSettingDisksTests.swift in Sources */ = {isa = PBXBuildFile; fileRef = ED349E3724669BCA0014BCDC /* AnimateSettingDisksTests.swift */; };
		ED3D8EE7244DF95F00DBF850 /* RxCocoa.framework in Frameworks */ = {isa = PBXBuildFile; fileRef = ED3D8EE4244DF95F00DBF850 /* RxCocoa.framework */; };
		ED3D8EE8244DF95F00DBF850 /* RxCocoa.framework in Embed Frameworks */ = {isa = PBXBuildFile; fileRef = ED3D8EE4244DF95F00DBF850 /* RxCocoa.framework */; settings = {ATTRIBUTES = (CodeSignOnCopy, RemoveHeadersOnCopy, ); }; };
		ED3D8EE9244DF95F00DBF850 /* RxRelay.framework in Frameworks */ = {isa = PBXBuildFile; fileRef = ED3D8EE5244DF95F00DBF850 /* RxRelay.framework */; };
		ED3D8EEA244DF95F00DBF850 /* RxRelay.framework in Embed Frameworks */ = {isa = PBXBuildFile; fileRef = ED3D8EE5244DF95F00DBF850 /* RxRelay.framework */; settings = {ATTRIBUTES = (CodeSignOnCopy, RemoveHeadersOnCopy, ); }; };
		ED3D8EEB244DF95F00DBF850 /* RxSwift.framework in Frameworks */ = {isa = PBXBuildFile; fileRef = ED3D8EE6244DF95F00DBF850 /* RxSwift.framework */; };
		ED3D8EEC244DF95F00DBF850 /* RxSwift.framework in Embed Frameworks */ = {isa = PBXBuildFile; fileRef = ED3D8EE6244DF95F00DBF850 /* RxSwift.framework */; settings = {ATTRIBUTES = (CodeSignOnCopy, RemoveHeadersOnCopy, ); }; };
		ED3D8EED244DF97A00DBF850 /* RxRelay.framework in Frameworks */ = {isa = PBXBuildFile; fileRef = ED3D8EE5244DF95F00DBF850 /* RxRelay.framework */; };
		ED3D8EEE244DF97A00DBF850 /* RxCocoa.framework in Frameworks */ = {isa = PBXBuildFile; fileRef = ED3D8EE4244DF95F00DBF850 /* RxCocoa.framework */; };
		ED3D8EEF244DF97A00DBF850 /* RxSwift.framework in Frameworks */ = {isa = PBXBuildFile; fileRef = ED3D8EE6244DF95F00DBF850 /* RxSwift.framework */; };
		ED3D8EF0244DF9B000DBF850 /* RxRelay.framework in Frameworks */ = {isa = PBXBuildFile; fileRef = ED3D8EE5244DF95F00DBF850 /* RxRelay.framework */; };
		ED3D8EF1244DF9B000DBF850 /* RxSwift.framework in Frameworks */ = {isa = PBXBuildFile; fileRef = ED3D8EE6244DF95F00DBF850 /* RxSwift.framework */; };
		ED3D8EF2244DF9B000DBF850 /* RxCocoa.framework in Frameworks */ = {isa = PBXBuildFile; fileRef = ED3D8EE4244DF95F00DBF850 /* RxCocoa.framework */; };
		ED3D8EF4244DF9B000DBF850 /* RxTest.framework in Frameworks */ = {isa = PBXBuildFile; fileRef = ED3D8EF3244DF9B000DBF850 /* RxTest.framework */; };
		ED4E71452448DA6D00518585 /* GameDataCacheTests.swift in Sources */ = {isa = PBXBuildFile; fileRef = ED4E71442448DA6D00518585 /* GameDataCacheTests.swift */; };
		ED6736EA2450CE4000521D10 /* DiskAtCoordinate.swift in Sources */ = {isa = PBXBuildFile; fileRef = ED6736E92450CE4000521D10 /* DiskAtCoordinate.swift */; };
		ED6736EC2450CEBA00521D10 /* DiskAtCoordinateTests.swift in Sources */ = {isa = PBXBuildFile; fileRef = ED6736EB2450CEBA00521D10 /* DiskAtCoordinateTests.swift */; };
		ED6D32A9245088D700D0932F /* MockGameStore.swift in Sources */ = {isa = PBXBuildFile; fileRef = ED6D32A8245088D700D0932F /* MockGameStore.swift */; };
		ED6D32AB245089D400D0932F /* MockGameActionCreator.swift in Sources */ = {isa = PBXBuildFile; fileRef = ED6D32AA245089D400D0932F /* MockGameActionCreator.swift */; };
		ED6D32AD24508C0500D0932F /* MockPublishResponse.swift in Sources */ = {isa = PBXBuildFile; fileRef = ED6D32AC24508C0500D0932F /* MockPublishResponse.swift */; };
		ED6D32B22450A12500D0932F /* GameStoreTests.swift in Sources */ = {isa = PBXBuildFile; fileRef = ED6D32B12450A12500D0932F /* GameStoreTests.swift */; };
		ED6D32B42450A38700D0932F /* GameActionCreatorTests.swift in Sources */ = {isa = PBXBuildFile; fileRef = ED6D32B32450A38700D0932F /* GameActionCreatorTests.swift */; };
		ED6EAC7D24436B2C00BAF620 /* ReversiLogic.h in Headers */ = {isa = PBXBuildFile; fileRef = ED6EAC6D24436B2B00BAF620 /* ReversiLogic.h */; settings = {ATTRIBUTES = (Public, ); }; };
		ED6EAC8024436B2C00BAF620 /* ReversiLogic.framework in Frameworks */ = {isa = PBXBuildFile; fileRef = ED6EAC6B24436B2B00BAF620 /* ReversiLogic.framework */; };
		ED6EAC8124436B2C00BAF620 /* ReversiLogic.framework in Embed Frameworks */ = {isa = PBXBuildFile; fileRef = ED6EAC6B24436B2B00BAF620 /* ReversiLogic.framework */; settings = {ATTRIBUTES = (CodeSignOnCopy, RemoveHeadersOnCopy, ); }; };
		ED6EAC9524436C3300BAF620 /* Disk.swift in Sources */ = {isa = PBXBuildFile; fileRef = ED6EAC9424436C3300BAF620 /* Disk.swift */; };
		ED6EAC9B24436D9400BAF620 /* GameDataIO.swift in Sources */ = {isa = PBXBuildFile; fileRef = ED6EAC9A24436D9400BAF620 /* GameDataIO.swift */; };
		ED6EAC9F24436EE800BAF620 /* GameDataIOTests.swift in Sources */ = {isa = PBXBuildFile; fileRef = ED6EAC9E24436EE800BAF620 /* GameDataIOTests.swift */; };
		ED6EACA12443838900BAF620 /* GameData.swift in Sources */ = {isa = PBXBuildFile; fileRef = ED6EACA02443838900BAF620 /* GameData.swift */; };
		ED6EACA42444B1E900BAF620 /* ReversiViewModel.swift in Sources */ = {isa = PBXBuildFile; fileRef = ED6EACA32444B1E900BAF620 /* ReversiViewModel.swift */; };
		ED6EACA62444BDE100BAF620 /* Canceller.swift in Sources */ = {isa = PBXBuildFile; fileRef = ED6EACA52444BDE100BAF620 /* Canceller.swift */; };
		ED6EACA82444CD7E00BAF620 /* ReversiViewModelTests.swift in Sources */ = {isa = PBXBuildFile; fileRef = ED6EACA72444CD7E00BAF620 /* ReversiViewModelTests.swift */; };
		ED6EACAB2444D3C200BAF620 /* MockResponse.swift in Sources */ = {isa = PBXBuildFile; fileRef = ED6EACAA2444D3C200BAF620 /* MockResponse.swift */; };
		ED8CC36224475F0100CD2CAB /* CollectionExtension.swift in Sources */ = {isa = PBXBuildFile; fileRef = ED8CC36124475F0100CD2CAB /* CollectionExtension.swift */; };
		ED8CC36424478D5B00CD2CAB /* GameDataCache.swift in Sources */ = {isa = PBXBuildFile; fileRef = ED8CC36324478D5B00CD2CAB /* GameDataCache.swift */; };
		ED9AEF7C244C39F8004A068C /* MockBehaviorWrapper.swift in Sources */ = {isa = PBXBuildFile; fileRef = ED9AEF7B244C39F8004A068C /* MockBehaviorWrapper.swift */; };
		ED9AEF7E244C4223004A068C /* CountableProperty.swift in Sources */ = {isa = PBXBuildFile; fileRef = ED9AEF7D244C4223004A068C /* CountableProperty.swift */; };
		ED9C7D2F24672D5600089488 /* PlaceDiskTests.swift in Sources */ = {isa = PBXBuildFile; fileRef = ED9C7D2E24672D5600089488 /* PlaceDiskTests.swift */; };
		EDAAB28D2452006000B72937 /* UpdateDisk.swift in Sources */ = {isa = PBXBuildFile; fileRef = EDAAB28C2452006000B72937 /* UpdateDisk.swift */; };
		EDAAB28F2452043200B72937 /* FlippedDiskCoordinates.swift in Sources */ = {isa = PBXBuildFile; fileRef = EDAAB28E2452043200B72937 /* FlippedDiskCoordinates.swift */; };
		EDAAB293245216B500B72937 /* ReversiManagementStream.swift in Sources */ = {isa = PBXBuildFile; fileRef = EDAAB292245216B500B72937 /* ReversiManagementStream.swift */; };
		EDBC5A94244F488F006D3865 /* Unio.framework in Frameworks */ = {isa = PBXBuildFile; fileRef = EDBC5A93244F488F006D3865 /* Unio.framework */; };
		EDBC5A95244F488F006D3865 /* Unio.framework in Embed Frameworks */ = {isa = PBXBuildFile; fileRef = EDBC5A93244F488F006D3865 /* Unio.framework */; settings = {ATTRIBUTES = (CodeSignOnCopy, RemoveHeadersOnCopy, ); }; };
		EDBC5A96244F48BE006D3865 /* Unio.framework in Frameworks */ = {isa = PBXBuildFile; fileRef = EDBC5A93244F488F006D3865 /* Unio.framework */; };
		EDBC5A99244F5EEF006D3865 /* GameStore.swift in Sources */ = {isa = PBXBuildFile; fileRef = EDBC5A98244F5EEF006D3865 /* GameStore.swift */; };
		EDBC5A9B244F5EFC006D3865 /* GameDispatcher.swift in Sources */ = {isa = PBXBuildFile; fileRef = EDBC5A9A244F5EFC006D3865 /* GameDispatcher.swift */; };
		EDBC5A9D244F5F09006D3865 /* GameActionCreator.swift in Sources */ = {isa = PBXBuildFile; fileRef = EDBC5A9C244F5F09006D3865 /* GameActionCreator.swift */; };
		EDBDD2BB24530C9400BB545A /* ReversiViewModelFactory.swift in Sources */ = {isa = PBXBuildFile; fileRef = EDBDD2BA24530C9400BB545A /* ReversiViewModelFactory.swift */; };
		EDBDD2BD245313A400BB545A /* Watcher.swift in Sources */ = {isa = PBXBuildFile; fileRef = EDBDD2BC245313A400BB545A /* Watcher.swift */; };
		EDBDD2BF245325B700BB545A /* UpdateDiskExtension.swift in Sources */ = {isa = PBXBuildFile; fileRef = EDBDD2BE245325B700BB545A /* UpdateDiskExtension.swift */; };
		EDCC2A562448B3E9009E69F7 /* Coordinate.swift in Sources */ = {isa = PBXBuildFile; fileRef = EDCC2A552448B3E9009E69F7 /* Coordinate.swift */; };
		EDCE4499245EE8630067B130 /* PublishRelayExtension.swift in Sources */ = {isa = PBXBuildFile; fileRef = EDCE4498245EE8630067B130 /* PublishRelayExtension.swift */; };
		EDCE449D245EF64C0067B130 /* Lazy.swift in Sources */ = {isa = PBXBuildFile; fileRef = EDCE449C245EF64C0067B130 /* Lazy.swift */; };
		EDCE44C2246327A40067B130 /* SetDiskTests.swift in Sources */ = {isa = PBXBuildFile; fileRef = EDCE44C1246327A40067B130 /* SetDiskTests.swift */; };
		EDCE44C424632C3F0067B130 /* FlippedDiskCoordinatesTests.swift in Sources */ = {isa = PBXBuildFile; fileRef = EDCE44C324632C3F0067B130 /* FlippedDiskCoordinatesTests.swift */; };
		EDDDC5732455EE63001F73C2 /* SetDisk.swift in Sources */ = {isa = PBXBuildFile; fileRef = EDDDC5722455EE63001F73C2 /* SetDisk.swift */; };
		EDDDC5782455F6BA001F73C2 /* AnimateSettingDisks.swift in Sources */ = {isa = PBXBuildFile; fileRef = EDDDC5772455F6BA001F73C2 /* AnimateSettingDisks.swift */; };
		EDDDC57A2455F98F001F73C2 /* MockAnimateSettingDisks.swift in Sources */ = {isa = PBXBuildFile; fileRef = EDDDC5792455F98F001F73C2 /* MockAnimateSettingDisks.swift */; };
		EDDDC57C2455FB23001F73C2 /* PlaceDisk.swift in Sources */ = {isa = PBXBuildFile; fileRef = EDDDC57B2455FB23001F73C2 /* PlaceDisk.swift */; };
		EDDDC57E2455FF64001F73C2 /* MockSetDisk.swift in Sources */ = {isa = PBXBuildFile; fileRef = EDDDC57D2455FF64001F73C2 /* MockSetDisk.swift */; };
		EDE3249A245601E900C00F72 /* MockPlaceDisk.swift in Sources */ = {isa = PBXBuildFile; fileRef = EDE32499245601E900C00F72 /* MockPlaceDisk.swift */; };
		EDE3249C2456094300C00F72 /* ValidMoves.swift in Sources */ = {isa = PBXBuildFile; fileRef = EDE3249B2456094300C00F72 /* ValidMoves.swift */; };
		EDE3249F245613C800C00F72 /* ReversiManagementStreamTests.swift in Sources */ = {isa = PBXBuildFile; fileRef = EDE3249E245613C800C00F72 /* ReversiManagementStreamTests.swift */; };
		EDE324A12456142200C00F72 /* MockValidMoves.swift in Sources */ = {isa = PBXBuildFile; fileRef = EDE324A02456142200C00F72 /* MockValidMoves.swift */; };
		EDF8F036244CBED900C2CF0B /* MockPublishWrapper.swift in Sources */ = {isa = PBXBuildFile; fileRef = EDF8F035244CBED900C2CF0B /* MockPublishWrapper.swift */; };
/* End PBXBuildFile section */

/* Begin PBXContainerItemProxy section */
		D642BDC723A9FE4700396732 /* PBXContainerItemProxy */ = {
			isa = PBXContainerItemProxy;
			containerPortal = D642BDA823A9FE4500396732 /* Project object */;
			proxyType = 1;
			remoteGlobalIDString = D642BDAF23A9FE4500396732;
			remoteInfo = Reversi;
		};
		ED6EAC7524436B2C00BAF620 /* PBXContainerItemProxy */ = {
			isa = PBXContainerItemProxy;
			containerPortal = D642BDA823A9FE4500396732 /* Project object */;
			proxyType = 1;
			remoteGlobalIDString = ED6EAC6A24436B2B00BAF620;
			remoteInfo = ReversiLogic;
		};
		ED6EAC7E24436B2C00BAF620 /* PBXContainerItemProxy */ = {
			isa = PBXContainerItemProxy;
			containerPortal = D642BDA823A9FE4500396732 /* Project object */;
			proxyType = 1;
			remoteGlobalIDString = ED6EAC6A24436B2B00BAF620;
			remoteInfo = ReversiLogic;
		};
/* End PBXContainerItemProxy section */

/* Begin PBXCopyFilesBuildPhase section */
		ED6EAC8224436B2C00BAF620 /* Embed Frameworks */ = {
			isa = PBXCopyFilesBuildPhase;
			buildActionMask = 2147483647;
			dstPath = "";
			dstSubfolderSpec = 10;
			files = (
				EDBC5A95244F488F006D3865 /* Unio.framework in Embed Frameworks */,
				ED3D8EEC244DF95F00DBF850 /* RxSwift.framework in Embed Frameworks */,
				ED3D8EE8244DF95F00DBF850 /* RxCocoa.framework in Embed Frameworks */,
				ED6EAC8124436B2C00BAF620 /* ReversiLogic.framework in Embed Frameworks */,
				ED3D8EEA244DF95F00DBF850 /* RxRelay.framework in Embed Frameworks */,
			);
			name = "Embed Frameworks";
			runOnlyForDeploymentPostprocessing = 0;
		};
/* End PBXCopyFilesBuildPhase section */

/* Begin PBXFileReference section */
		D636B39E23D35043007F370F /* DiskView.swift */ = {isa = PBXFileReference; lastKnownFileType = sourcecode.swift; path = DiskView.swift; sourceTree = "<group>"; };
		D642BDB023A9FE4500396732 /* Reversi.app */ = {isa = PBXFileReference; explicitFileType = wrapper.application; includeInIndex = 0; path = Reversi.app; sourceTree = BUILT_PRODUCTS_DIR; };
		D642BDB323A9FE4500396732 /* AppDelegate.swift */ = {isa = PBXFileReference; lastKnownFileType = sourcecode.swift; path = AppDelegate.swift; sourceTree = "<group>"; };
		D642BDB523A9FE4500396732 /* SceneDelegate.swift */ = {isa = PBXFileReference; lastKnownFileType = sourcecode.swift; path = SceneDelegate.swift; sourceTree = "<group>"; };
		D642BDB723A9FE4500396732 /* ViewController.swift */ = {isa = PBXFileReference; lastKnownFileType = sourcecode.swift; path = ViewController.swift; sourceTree = "<group>"; };
		D642BDBA23A9FE4500396732 /* Base */ = {isa = PBXFileReference; lastKnownFileType = file.storyboard; name = Base; path = Base.lproj/Main.storyboard; sourceTree = "<group>"; };
		D642BDBC23A9FE4700396732 /* Assets.xcassets */ = {isa = PBXFileReference; lastKnownFileType = folder.assetcatalog; path = Assets.xcassets; sourceTree = "<group>"; };
		D642BDBF23A9FE4700396732 /* Base */ = {isa = PBXFileReference; lastKnownFileType = file.storyboard; name = Base; path = Base.lproj/LaunchScreen.storyboard; sourceTree = "<group>"; };
		D642BDC123A9FE4700396732 /* Info.plist */ = {isa = PBXFileReference; lastKnownFileType = text.plist.xml; path = Info.plist; sourceTree = "<group>"; };
		D642BDC623A9FE4700396732 /* ReversiTests.xctest */ = {isa = PBXFileReference; explicitFileType = wrapper.cfbundle; includeInIndex = 0; path = ReversiTests.xctest; sourceTree = BUILT_PRODUCTS_DIR; };
		D642BDCA23A9FE4700396732 /* ReversiTests.swift */ = {isa = PBXFileReference; lastKnownFileType = sourcecode.swift; path = ReversiTests.swift; sourceTree = "<group>"; };
		D642BDCC23A9FE4700396732 /* Info.plist */ = {isa = PBXFileReference; lastKnownFileType = text.plist.xml; path = Info.plist; sourceTree = "<group>"; };
		D642BDD523AA0B3900396732 /* CellView.swift */ = {isa = PBXFileReference; lastKnownFileType = sourcecode.swift; path = CellView.swift; sourceTree = "<group>"; };
		D642BDDB23AA137C00396732 /* BoardView.swift */ = {isa = PBXFileReference; lastKnownFileType = sourcecode.swift; path = BoardView.swift; sourceTree = "<group>"; };
		ED1BEDB52452EBAA0066E68E /* MockReversiManagementStream.swift */ = {isa = PBXFileReference; lastKnownFileType = sourcecode.swift; path = MockReversiManagementStream.swift; sourceTree = "<group>"; };
		ED1BEDBA2452F0700066E68E /* MockFlippedDiskCoordinates.swift */ = {isa = PBXFileReference; lastKnownFileType = sourcecode.swift; path = MockFlippedDiskCoordinates.swift; sourceTree = "<group>"; };
		ED20D52D244AD61E00F7BA46 /* Alert.swift */ = {isa = PBXFileReference; lastKnownFileType = sourcecode.swift; path = Alert.swift; sourceTree = "<group>"; };
		ED20D52F244AD70A00F7BA46 /* UIAlertControllerExtension.swift */ = {isa = PBXFileReference; lastKnownFileType = sourcecode.swift; path = UIAlertControllerExtension.swift; sourceTree = "<group>"; };
		ED20D532244ADCAE00F7BA46 /* MockGameDataCache.swift */ = {isa = PBXFileReference; lastKnownFileType = sourcecode.swift; path = MockGameDataCache.swift; sourceTree = "<group>"; };
		ED20D556244B826600F7BA46 /* PublishWrapper.swift */ = {isa = PBXFileReference; fileEncoding = 4; lastKnownFileType = sourcecode.swift; path = PublishWrapper.swift; sourceTree = "<group>"; };
		ED20D56B244C2D6F00F7BA46 /* BehaviorWrapper.swift */ = {isa = PBXFileReference; fileEncoding = 4; lastKnownFileType = sourcecode.swift; path = BehaviorWrapper.swift; sourceTree = "<group>"; };
		ED20D56C244C2D6F00F7BA46 /* ValueObservable.swift */ = {isa = PBXFileReference; fileEncoding = 4; lastKnownFileType = sourcecode.swift; path = ValueObservable.swift; sourceTree = "<group>"; };
		ED349E3724669BCA0014BCDC /* AnimateSettingDisksTests.swift */ = {isa = PBXFileReference; lastKnownFileType = sourcecode.swift; path = AnimateSettingDisksTests.swift; sourceTree = "<group>"; };
		ED3D8EE4244DF95F00DBF850 /* RxCocoa.framework */ = {isa = PBXFileReference; lastKnownFileType = wrapper.framework; name = RxCocoa.framework; path = Carthage/Build/iOS/RxCocoa.framework; sourceTree = "<group>"; };
		ED3D8EE5244DF95F00DBF850 /* RxRelay.framework */ = {isa = PBXFileReference; lastKnownFileType = wrapper.framework; name = RxRelay.framework; path = Carthage/Build/iOS/RxRelay.framework; sourceTree = "<group>"; };
		ED3D8EE6244DF95F00DBF850 /* RxSwift.framework */ = {isa = PBXFileReference; lastKnownFileType = wrapper.framework; name = RxSwift.framework; path = Carthage/Build/iOS/RxSwift.framework; sourceTree = "<group>"; };
		ED3D8EF3244DF9B000DBF850 /* RxTest.framework */ = {isa = PBXFileReference; lastKnownFileType = wrapper.framework; name = RxTest.framework; path = Carthage/Build/iOS/RxTest.framework; sourceTree = "<group>"; };
		ED4E71442448DA6D00518585 /* GameDataCacheTests.swift */ = {isa = PBXFileReference; lastKnownFileType = sourcecode.swift; path = GameDataCacheTests.swift; sourceTree = "<group>"; };
		ED6736E92450CE4000521D10 /* DiskAtCoordinate.swift */ = {isa = PBXFileReference; lastKnownFileType = sourcecode.swift; path = DiskAtCoordinate.swift; sourceTree = "<group>"; };
		ED6736EB2450CEBA00521D10 /* DiskAtCoordinateTests.swift */ = {isa = PBXFileReference; lastKnownFileType = sourcecode.swift; path = DiskAtCoordinateTests.swift; sourceTree = "<group>"; };
		ED6D32A8245088D700D0932F /* MockGameStore.swift */ = {isa = PBXFileReference; lastKnownFileType = sourcecode.swift; path = MockGameStore.swift; sourceTree = "<group>"; };
		ED6D32AA245089D400D0932F /* MockGameActionCreator.swift */ = {isa = PBXFileReference; lastKnownFileType = sourcecode.swift; path = MockGameActionCreator.swift; sourceTree = "<group>"; };
		ED6D32AC24508C0500D0932F /* MockPublishResponse.swift */ = {isa = PBXFileReference; lastKnownFileType = sourcecode.swift; path = MockPublishResponse.swift; sourceTree = "<group>"; };
		ED6D32B12450A12500D0932F /* GameStoreTests.swift */ = {isa = PBXFileReference; lastKnownFileType = sourcecode.swift; path = GameStoreTests.swift; sourceTree = "<group>"; };
		ED6D32B32450A38700D0932F /* GameActionCreatorTests.swift */ = {isa = PBXFileReference; lastKnownFileType = sourcecode.swift; path = GameActionCreatorTests.swift; sourceTree = "<group>"; };
		ED6EAC6B24436B2B00BAF620 /* ReversiLogic.framework */ = {isa = PBXFileReference; explicitFileType = wrapper.framework; includeInIndex = 0; path = ReversiLogic.framework; sourceTree = BUILT_PRODUCTS_DIR; };
		ED6EAC6D24436B2B00BAF620 /* ReversiLogic.h */ = {isa = PBXFileReference; lastKnownFileType = sourcecode.c.h; path = ReversiLogic.h; sourceTree = "<group>"; };
		ED6EAC6E24436B2B00BAF620 /* Info.plist */ = {isa = PBXFileReference; lastKnownFileType = text.plist.xml; path = Info.plist; sourceTree = "<group>"; };
		ED6EAC7324436B2C00BAF620 /* ReversiLogicTests.xctest */ = {isa = PBXFileReference; explicitFileType = wrapper.cfbundle; includeInIndex = 0; path = ReversiLogicTests.xctest; sourceTree = BUILT_PRODUCTS_DIR; };
		ED6EAC7C24436B2C00BAF620 /* Info.plist */ = {isa = PBXFileReference; lastKnownFileType = text.plist.xml; path = Info.plist; sourceTree = "<group>"; };
		ED6EAC9424436C3300BAF620 /* Disk.swift */ = {isa = PBXFileReference; fileEncoding = 4; lastKnownFileType = sourcecode.swift; path = Disk.swift; sourceTree = "<group>"; };
		ED6EAC9A24436D9400BAF620 /* GameDataIO.swift */ = {isa = PBXFileReference; fileEncoding = 4; lastKnownFileType = sourcecode.swift; path = GameDataIO.swift; sourceTree = "<group>"; };
		ED6EAC9E24436EE800BAF620 /* GameDataIOTests.swift */ = {isa = PBXFileReference; lastKnownFileType = sourcecode.swift; path = GameDataIOTests.swift; sourceTree = "<group>"; };
		ED6EACA02443838900BAF620 /* GameData.swift */ = {isa = PBXFileReference; lastKnownFileType = sourcecode.swift; path = GameData.swift; sourceTree = "<group>"; };
		ED6EACA32444B1E900BAF620 /* ReversiViewModel.swift */ = {isa = PBXFileReference; lastKnownFileType = sourcecode.swift; path = ReversiViewModel.swift; sourceTree = "<group>"; };
		ED6EACA52444BDE100BAF620 /* Canceller.swift */ = {isa = PBXFileReference; lastKnownFileType = sourcecode.swift; path = Canceller.swift; sourceTree = "<group>"; };
		ED6EACA72444CD7E00BAF620 /* ReversiViewModelTests.swift */ = {isa = PBXFileReference; lastKnownFileType = sourcecode.swift; path = ReversiViewModelTests.swift; sourceTree = "<group>"; };
		ED6EACAA2444D3C200BAF620 /* MockResponse.swift */ = {isa = PBXFileReference; lastKnownFileType = sourcecode.swift; path = MockResponse.swift; sourceTree = "<group>"; };
		ED8CC36124475F0100CD2CAB /* CollectionExtension.swift */ = {isa = PBXFileReference; lastKnownFileType = sourcecode.swift; path = CollectionExtension.swift; sourceTree = "<group>"; };
		ED8CC36324478D5B00CD2CAB /* GameDataCache.swift */ = {isa = PBXFileReference; lastKnownFileType = sourcecode.swift; path = GameDataCache.swift; sourceTree = "<group>"; };
		ED9AEF7B244C39F8004A068C /* MockBehaviorWrapper.swift */ = {isa = PBXFileReference; lastKnownFileType = sourcecode.swift; path = MockBehaviorWrapper.swift; sourceTree = "<group>"; };
		ED9AEF7D244C4223004A068C /* CountableProperty.swift */ = {isa = PBXFileReference; lastKnownFileType = sourcecode.swift; path = CountableProperty.swift; sourceTree = "<group>"; };
		ED9C7D2E24672D5600089488 /* PlaceDiskTests.swift */ = {isa = PBXFileReference; lastKnownFileType = sourcecode.swift; path = PlaceDiskTests.swift; sourceTree = "<group>"; };
		EDAAB28C2452006000B72937 /* UpdateDisk.swift */ = {isa = PBXFileReference; lastKnownFileType = sourcecode.swift; path = UpdateDisk.swift; sourceTree = "<group>"; };
		EDAAB28E2452043200B72937 /* FlippedDiskCoordinates.swift */ = {isa = PBXFileReference; lastKnownFileType = sourcecode.swift; path = FlippedDiskCoordinates.swift; sourceTree = "<group>"; };
		EDAAB292245216B500B72937 /* ReversiManagementStream.swift */ = {isa = PBXFileReference; lastKnownFileType = sourcecode.swift; path = ReversiManagementStream.swift; sourceTree = "<group>"; };
		EDBC5A93244F488F006D3865 /* Unio.framework */ = {isa = PBXFileReference; lastKnownFileType = wrapper.framework; name = Unio.framework; path = Carthage/Build/iOS/Unio.framework; sourceTree = "<group>"; };
		EDBC5A98244F5EEF006D3865 /* GameStore.swift */ = {isa = PBXFileReference; lastKnownFileType = sourcecode.swift; path = GameStore.swift; sourceTree = "<group>"; };
		EDBC5A9A244F5EFC006D3865 /* GameDispatcher.swift */ = {isa = PBXFileReference; lastKnownFileType = sourcecode.swift; path = GameDispatcher.swift; sourceTree = "<group>"; };
		EDBC5A9C244F5F09006D3865 /* GameActionCreator.swift */ = {isa = PBXFileReference; lastKnownFileType = sourcecode.swift; path = GameActionCreator.swift; sourceTree = "<group>"; };
		EDBDD2BA24530C9400BB545A /* ReversiViewModelFactory.swift */ = {isa = PBXFileReference; lastKnownFileType = sourcecode.swift; path = ReversiViewModelFactory.swift; sourceTree = "<group>"; };
		EDBDD2BC245313A400BB545A /* Watcher.swift */ = {isa = PBXFileReference; lastKnownFileType = sourcecode.swift; path = Watcher.swift; sourceTree = "<group>"; };
		EDBDD2BE245325B700BB545A /* UpdateDiskExtension.swift */ = {isa = PBXFileReference; lastKnownFileType = sourcecode.swift; path = UpdateDiskExtension.swift; sourceTree = "<group>"; };
		EDCC2A552448B3E9009E69F7 /* Coordinate.swift */ = {isa = PBXFileReference; lastKnownFileType = sourcecode.swift; path = Coordinate.swift; sourceTree = "<group>"; };
		EDCE4498245EE8630067B130 /* PublishRelayExtension.swift */ = {isa = PBXFileReference; lastKnownFileType = sourcecode.swift; path = PublishRelayExtension.swift; sourceTree = "<group>"; };
		EDCE449C245EF64C0067B130 /* Lazy.swift */ = {isa = PBXFileReference; lastKnownFileType = sourcecode.swift; path = Lazy.swift; sourceTree = "<group>"; };
		EDCE44C1246327A40067B130 /* SetDiskTests.swift */ = {isa = PBXFileReference; lastKnownFileType = sourcecode.swift; path = SetDiskTests.swift; sourceTree = "<group>"; };
		EDCE44C324632C3F0067B130 /* FlippedDiskCoordinatesTests.swift */ = {isa = PBXFileReference; lastKnownFileType = sourcecode.swift; path = FlippedDiskCoordinatesTests.swift; sourceTree = "<group>"; };
		EDDDC5722455EE63001F73C2 /* SetDisk.swift */ = {isa = PBXFileReference; lastKnownFileType = sourcecode.swift; path = SetDisk.swift; sourceTree = "<group>"; };
		EDDDC5772455F6BA001F73C2 /* AnimateSettingDisks.swift */ = {isa = PBXFileReference; lastKnownFileType = sourcecode.swift; path = AnimateSettingDisks.swift; sourceTree = "<group>"; };
		EDDDC5792455F98F001F73C2 /* MockAnimateSettingDisks.swift */ = {isa = PBXFileReference; lastKnownFileType = sourcecode.swift; path = MockAnimateSettingDisks.swift; sourceTree = "<group>"; };
		EDDDC57B2455FB23001F73C2 /* PlaceDisk.swift */ = {isa = PBXFileReference; lastKnownFileType = sourcecode.swift; path = PlaceDisk.swift; sourceTree = "<group>"; };
		EDDDC57D2455FF64001F73C2 /* MockSetDisk.swift */ = {isa = PBXFileReference; lastKnownFileType = sourcecode.swift; path = MockSetDisk.swift; sourceTree = "<group>"; };
		EDE32499245601E900C00F72 /* MockPlaceDisk.swift */ = {isa = PBXFileReference; lastKnownFileType = sourcecode.swift; path = MockPlaceDisk.swift; sourceTree = "<group>"; };
		EDE3249B2456094300C00F72 /* ValidMoves.swift */ = {isa = PBXFileReference; lastKnownFileType = sourcecode.swift; path = ValidMoves.swift; sourceTree = "<group>"; };
		EDE3249E245613C800C00F72 /* ReversiManagementStreamTests.swift */ = {isa = PBXFileReference; fileEncoding = 4; lastKnownFileType = sourcecode.swift; path = ReversiManagementStreamTests.swift; sourceTree = "<group>"; };
		EDE324A02456142200C00F72 /* MockValidMoves.swift */ = {isa = PBXFileReference; lastKnownFileType = sourcecode.swift; path = MockValidMoves.swift; sourceTree = "<group>"; };
		EDF8F035244CBED900C2CF0B /* MockPublishWrapper.swift */ = {isa = PBXFileReference; lastKnownFileType = sourcecode.swift; path = MockPublishWrapper.swift; sourceTree = "<group>"; };
/* End PBXFileReference section */

/* Begin PBXFrameworksBuildPhase section */
		D642BDAD23A9FE4500396732 /* Frameworks */ = {
			isa = PBXFrameworksBuildPhase;
			buildActionMask = 2147483647;
			files = (
				EDBC5A94244F488F006D3865 /* Unio.framework in Frameworks */,
				ED3D8EEB244DF95F00DBF850 /* RxSwift.framework in Frameworks */,
				ED3D8EE7244DF95F00DBF850 /* RxCocoa.framework in Frameworks */,
				ED6EAC8024436B2C00BAF620 /* ReversiLogic.framework in Frameworks */,
				ED3D8EE9244DF95F00DBF850 /* RxRelay.framework in Frameworks */,
			);
			runOnlyForDeploymentPostprocessing = 0;
		};
		D642BDC323A9FE4700396732 /* Frameworks */ = {
			isa = PBXFrameworksBuildPhase;
			buildActionMask = 2147483647;
			files = (
			);
			runOnlyForDeploymentPostprocessing = 0;
		};
		ED6EAC6824436B2B00BAF620 /* Frameworks */ = {
			isa = PBXFrameworksBuildPhase;
			buildActionMask = 2147483647;
			files = (
				ED3D8EED244DF97A00DBF850 /* RxRelay.framework in Frameworks */,
				ED3D8EEE244DF97A00DBF850 /* RxCocoa.framework in Frameworks */,
				ED3D8EEF244DF97A00DBF850 /* RxSwift.framework in Frameworks */,
			);
			runOnlyForDeploymentPostprocessing = 0;
		};
		ED6EAC7024436B2C00BAF620 /* Frameworks */ = {
			isa = PBXFrameworksBuildPhase;
			buildActionMask = 2147483647;
			files = (
				EDBC5A96244F48BE006D3865 /* Unio.framework in Frameworks */,
				ED3D8EF4244DF9B000DBF850 /* RxTest.framework in Frameworks */,
				ED3D8EF0244DF9B000DBF850 /* RxRelay.framework in Frameworks */,
				ED3D8EF1244DF9B000DBF850 /* RxSwift.framework in Frameworks */,
				ED3D8EF2244DF9B000DBF850 /* RxCocoa.framework in Frameworks */,
			);
			runOnlyForDeploymentPostprocessing = 0;
		};
/* End PBXFrameworksBuildPhase section */

/* Begin PBXGroup section */
		D636B3A123D43203007F370F /* Views */ = {
			isa = PBXGroup;
			children = (
				D642BDDB23AA137C00396732 /* BoardView.swift */,
				D642BDD523AA0B3900396732 /* CellView.swift */,
				D636B39E23D35043007F370F /* DiskView.swift */,
			);
			name = Views;
			sourceTree = "<group>";
		};
		D642BDA723A9FE4500396732 = {
			isa = PBXGroup;
			children = (
				D642BDB223A9FE4500396732 /* Reversi */,
				D642BDC923A9FE4700396732 /* ReversiTests */,
				ED6EAC6C24436B2B00BAF620 /* ReversiLogic */,
				ED6EAC7924436B2C00BAF620 /* ReversiLogicTests */,
				D642BDB123A9FE4500396732 /* Products */,
				ED20D541244B7ECC00F7BA46 /* Frameworks */,
			);
			sourceTree = "<group>";
		};
		D642BDB123A9FE4500396732 /* Products */ = {
			isa = PBXGroup;
			children = (
				D642BDB023A9FE4500396732 /* Reversi.app */,
				D642BDC623A9FE4700396732 /* ReversiTests.xctest */,
				ED6EAC6B24436B2B00BAF620 /* ReversiLogic.framework */,
				ED6EAC7324436B2C00BAF620 /* ReversiLogicTests.xctest */,
			);
			name = Products;
			sourceTree = "<group>";
		};
		D642BDB223A9FE4500396732 /* Reversi */ = {
			isa = PBXGroup;
			children = (
				D642BDB323A9FE4500396732 /* AppDelegate.swift */,
				D642BDB523A9FE4500396732 /* SceneDelegate.swift */,
				D642BDB723A9FE4500396732 /* ViewController.swift */,
				D642BDB923A9FE4500396732 /* Main.storyboard */,
				D642BDBC23A9FE4700396732 /* Assets.xcassets */,
				D642BDBE23A9FE4700396732 /* LaunchScreen.storyboard */,
				D642BDC123A9FE4700396732 /* Info.plist */,
				D636B3A123D43203007F370F /* Views */,
			);
			path = Reversi;
			sourceTree = "<group>";
		};
		D642BDC923A9FE4700396732 /* ReversiTests */ = {
			isa = PBXGroup;
			children = (
				D642BDCA23A9FE4700396732 /* ReversiTests.swift */,
				D642BDCC23A9FE4700396732 /* Info.plist */,
			);
			path = ReversiTests;
			sourceTree = "<group>";
		};
		ED20D52C244AD60C00F7BA46 /* ViewDataModels */ = {
			isa = PBXGroup;
			children = (
				ED20D52D244AD61E00F7BA46 /* Alert.swift */,
				EDAAB28C2452006000B72937 /* UpdateDisk.swift */,
			);
			path = ViewDataModels;
			sourceTree = "<group>";
		};
		ED20D531244ADC8600F7BA46 /* Mock */ = {
			isa = PBXGroup;
			children = (
				EDDDC5742455F100001F73C2 /* DiskPlacement */,
				ED6D32AA245089D400D0932F /* MockGameActionCreator.swift */,
				ED20D532244ADCAE00F7BA46 /* MockGameDataCache.swift */,
				ED6D32A8245088D700D0932F /* MockGameStore.swift */,
				ED1BEDB52452EBAA0066E68E /* MockReversiManagementStream.swift */,
			);
			path = Mock;
			sourceTree = "<group>";
		};
		ED20D541244B7ECC00F7BA46 /* Frameworks */ = {
			isa = PBXGroup;
			children = (
				EDBC5A93244F488F006D3865 /* Unio.framework */,
				ED3D8EF3244DF9B000DBF850 /* RxTest.framework */,
				ED3D8EE4244DF95F00DBF850 /* RxCocoa.framework */,
				ED3D8EE5244DF95F00DBF850 /* RxRelay.framework */,
				ED3D8EE6244DF95F00DBF850 /* RxSwift.framework */,
			);
			name = Frameworks;
			sourceTree = "<group>";
		};
		ED6D32AE2450A0F400D0932F /* TestCase */ = {
			isa = PBXGroup;
			children = (
				EDCE44C02463271E0067B130 /* DiskPlacement */,
				ED6D32B02450A11600D0932F /* Flux */,
				ED6D32AF2450A10600D0932F /* Model */,
				EDE3249D245613C800C00F72 /* Stream */,
				ED6736EB2450CEBA00521D10 /* DiskAtCoordinateTests.swift */,
				ED6EACA72444CD7E00BAF620 /* ReversiViewModelTests.swift */,
			);
			path = TestCase;
			sourceTree = "<group>";
		};
		ED6D32AF2450A10600D0932F /* Model */ = {
			isa = PBXGroup;
			children = (
				ED4E71442448DA6D00518585 /* GameDataCacheTests.swift */,
				ED6EAC9E24436EE800BAF620 /* GameDataIOTests.swift */,
			);
			path = Model;
			sourceTree = "<group>";
		};
		ED6D32B02450A11600D0932F /* Flux */ = {
			isa = PBXGroup;
			children = (
				ED6D32B32450A38700D0932F /* GameActionCreatorTests.swift */,
				ED6D32B12450A12500D0932F /* GameStoreTests.swift */,
			);
			path = Flux;
			sourceTree = "<group>";
		};
		ED6EAC6C24436B2B00BAF620 /* ReversiLogic */ = {
			isa = PBXGroup;
			children = (
				ED6EAC9324436C3300BAF620 /* DataTypes */,
				ED8CC36024475EF000CD2CAB /* Extension */,
				EDBC5A97244F5EDA006D3865 /* Flux */,
				ED6EAC9924436D9400BAF620 /* Models */,
				EDBDD2C024532F6400BB545A /* Util */,
				ED20D52C244AD60C00F7BA46 /* ViewDataModels */,
				ED6EACA22444B1D100BAF620 /* ViewModel */,
				ED6EAC6D24436B2B00BAF620 /* ReversiLogic.h */,
				ED6EAC6E24436B2B00BAF620 /* Info.plist */,
			);
			path = ReversiLogic;
			sourceTree = "<group>";
		};
		ED6EAC7924436B2C00BAF620 /* ReversiLogicTests */ = {
			isa = PBXGroup;
			children = (
				EDBDD2C12453307300BB545A /* Extension */,
				ED20D531244ADC8600F7BA46 /* Mock */,
				ED6D32AE2450A0F400D0932F /* TestCase */,
				ED6EACA92444D36400BAF620 /* Util */,
				ED6EAC7C24436B2C00BAF620 /* Info.plist */,
			);
			path = ReversiLogicTests;
			sourceTree = "<group>";
		};
		ED6EAC9324436C3300BAF620 /* DataTypes */ = {
			isa = PBXGroup;
			children = (
				EDCC2A552448B3E9009E69F7 /* Coordinate.swift */,
				ED6EAC9424436C3300BAF620 /* Disk.swift */,
				ED6EACA02443838900BAF620 /* GameData.swift */,
			);
			path = DataTypes;
			sourceTree = "<group>";
		};
		ED6EAC9924436D9400BAF620 /* Models */ = {
			isa = PBXGroup;
			children = (
				ED8CC36324478D5B00CD2CAB /* GameDataCache.swift */,
				ED6EAC9A24436D9400BAF620 /* GameDataIO.swift */,
			);
			path = Models;
			sourceTree = "<group>";
		};
		ED6EACA22444B1D100BAF620 /* ViewModel */ = {
			isa = PBXGroup;
			children = (
				EDDDC5712455EE44001F73C2 /* DiskPlacement */,
				EDAAB292245216B500B72937 /* ReversiManagementStream.swift */,
				ED6EACA32444B1E900BAF620 /* ReversiViewModel.swift */,
				EDBDD2BA24530C9400BB545A /* ReversiViewModelFactory.swift */,
			);
			path = ViewModel;
			sourceTree = "<group>";
		};
		ED6EACA92444D36400BAF620 /* Util */ = {
			isa = PBXGroup;
			children = (
				ED9AEF7D244C4223004A068C /* CountableProperty.swift */,
				ED9AEF7B244C39F8004A068C /* MockBehaviorWrapper.swift */,
				EDF8F035244CBED900C2CF0B /* MockPublishWrapper.swift */,
				ED6D32AC24508C0500D0932F /* MockPublishResponse.swift */,
				ED6EACAA2444D3C200BAF620 /* MockResponse.swift */,
				EDBDD2BC245313A400BB545A /* Watcher.swift */,
			);
			path = Util;
			sourceTree = "<group>";
		};
		ED8CC36024475EF000CD2CAB /* Extension */ = {
			isa = PBXGroup;
			children = (
				ED8CC36124475F0100CD2CAB /* CollectionExtension.swift */,
				ED6736E92450CE4000521D10 /* DiskAtCoordinate.swift */,
				ED20D52F244AD70A00F7BA46 /* UIAlertControllerExtension.swift */,
				EDCE4498245EE8630067B130 /* PublishRelayExtension.swift */,
			);
			path = Extension;
			sourceTree = "<group>";
		};
		EDBC5A97244F5EDA006D3865 /* Flux */ = {
			isa = PBXGroup;
			children = (
				EDBC5A9C244F5F09006D3865 /* GameActionCreator.swift */,
				EDBC5A9A244F5EFC006D3865 /* GameDispatcher.swift */,
				EDBC5A98244F5EEF006D3865 /* GameStore.swift */,
			);
			path = Flux;
			sourceTree = "<group>";
		};
		EDBDD2C024532F6400BB545A /* Util */ = {
			isa = PBXGroup;
			children = (
				ED20D56B244C2D6F00F7BA46 /* BehaviorWrapper.swift */,
				ED6EACA52444BDE100BAF620 /* Canceller.swift */,
				EDCE449C245EF64C0067B130 /* Lazy.swift */,
				ED20D556244B826600F7BA46 /* PublishWrapper.swift */,
				ED20D56C244C2D6F00F7BA46 /* ValueObservable.swift */,
			);
			path = Util;
			sourceTree = "<group>";
		};
		EDBDD2C12453307300BB545A /* Extension */ = {
			isa = PBXGroup;
			children = (
				EDBDD2BE245325B700BB545A /* UpdateDiskExtension.swift */,
			);
			path = Extension;
			sourceTree = "<group>";
		};
		EDCE44C02463271E0067B130 /* DiskPlacement */ = {
			isa = PBXGroup;
			children = (
				ED349E3724669BCA0014BCDC /* AnimateSettingDisksTests.swift */,
				EDCE44C324632C3F0067B130 /* FlippedDiskCoordinatesTests.swift */,
				ED9C7D2E24672D5600089488 /* PlaceDiskTests.swift */,
				EDCE44C1246327A40067B130 /* SetDiskTests.swift */,
			);
			path = DiskPlacement;
			sourceTree = "<group>";
		};
		EDDDC5712455EE44001F73C2 /* DiskPlacement */ = {
			isa = PBXGroup;
			children = (
				EDDDC5772455F6BA001F73C2 /* AnimateSettingDisks.swift */,
				EDAAB28E2452043200B72937 /* FlippedDiskCoordinates.swift */,
				EDDDC57B2455FB23001F73C2 /* PlaceDisk.swift */,
				EDDDC5722455EE63001F73C2 /* SetDisk.swift */,
				EDE3249B2456094300C00F72 /* ValidMoves.swift */,
			);
			path = DiskPlacement;
			sourceTree = "<group>";
		};
		EDDDC5742455F100001F73C2 /* DiskPlacement */ = {
			isa = PBXGroup;
			children = (
				EDDDC5792455F98F001F73C2 /* MockAnimateSettingDisks.swift */,
				ED1BEDBA2452F0700066E68E /* MockFlippedDiskCoordinates.swift */,
				EDE32499245601E900C00F72 /* MockPlaceDisk.swift */,
				EDDDC57D2455FF64001F73C2 /* MockSetDisk.swift */,
				EDE324A02456142200C00F72 /* MockValidMoves.swift */,
			);
			path = DiskPlacement;
			sourceTree = "<group>";
		};
		EDE3249D245613C800C00F72 /* Stream */ = {
			isa = PBXGroup;
			children = (
				EDE3249E245613C800C00F72 /* ReversiManagementStreamTests.swift */,
			);
			path = Stream;
			sourceTree = "<group>";
		};
/* End PBXGroup section */

/* Begin PBXHeadersBuildPhase section */
		ED6EAC6624436B2B00BAF620 /* Headers */ = {
			isa = PBXHeadersBuildPhase;
			buildActionMask = 2147483647;
			files = (
				ED6EAC7D24436B2C00BAF620 /* ReversiLogic.h in Headers */,
			);
			runOnlyForDeploymentPostprocessing = 0;
		};
/* End PBXHeadersBuildPhase section */

/* Begin PBXNativeTarget section */
		D642BDAF23A9FE4500396732 /* Reversi */ = {
			isa = PBXNativeTarget;
			buildConfigurationList = D642BDCF23A9FE4800396732 /* Build configuration list for PBXNativeTarget "Reversi" */;
			buildPhases = (
				D642BDAC23A9FE4500396732 /* Sources */,
				D642BDAD23A9FE4500396732 /* Frameworks */,
				D642BDAE23A9FE4500396732 /* Resources */,
				ED6EAC8224436B2C00BAF620 /* Embed Frameworks */,
			);
			buildRules = (
			);
			dependencies = (
				ED6EAC7F24436B2C00BAF620 /* PBXTargetDependency */,
			);
			name = Reversi;
			packageProductDependencies = (
			);
			productName = Reversi;
			productReference = D642BDB023A9FE4500396732 /* Reversi.app */;
			productType = "com.apple.product-type.application";
		};
		D642BDC523A9FE4700396732 /* ReversiTests */ = {
			isa = PBXNativeTarget;
			buildConfigurationList = D642BDD223A9FE4800396732 /* Build configuration list for PBXNativeTarget "ReversiTests" */;
			buildPhases = (
				D642BDC223A9FE4700396732 /* Sources */,
				D642BDC323A9FE4700396732 /* Frameworks */,
				D642BDC423A9FE4700396732 /* Resources */,
			);
			buildRules = (
			);
			dependencies = (
				D642BDC823A9FE4700396732 /* PBXTargetDependency */,
			);
			name = ReversiTests;
			productName = ReversiTests;
			productReference = D642BDC623A9FE4700396732 /* ReversiTests.xctest */;
			productType = "com.apple.product-type.bundle.unit-test";
		};
		ED6EAC6A24436B2B00BAF620 /* ReversiLogic */ = {
			isa = PBXNativeTarget;
			buildConfigurationList = ED6EAC8724436B2C00BAF620 /* Build configuration list for PBXNativeTarget "ReversiLogic" */;
			buildPhases = (
				ED6EAC6624436B2B00BAF620 /* Headers */,
				ED6EAC6724436B2B00BAF620 /* Sources */,
				ED6EAC6824436B2B00BAF620 /* Frameworks */,
				ED6EAC6924436B2B00BAF620 /* Resources */,
			);
			buildRules = (
			);
			dependencies = (
			);
			name = ReversiLogic;
			packageProductDependencies = (
			);
			productName = ReversiLogic;
			productReference = ED6EAC6B24436B2B00BAF620 /* ReversiLogic.framework */;
			productType = "com.apple.product-type.framework";
		};
		ED6EAC7224436B2C00BAF620 /* ReversiLogicTests */ = {
			isa = PBXNativeTarget;
			buildConfigurationList = ED6EAC8824436B2C00BAF620 /* Build configuration list for PBXNativeTarget "ReversiLogicTests" */;
			buildPhases = (
				ED6EAC6F24436B2C00BAF620 /* Sources */,
				ED6EAC7024436B2C00BAF620 /* Frameworks */,
				ED6EAC7124436B2C00BAF620 /* Resources */,
				ED3D8EF5244DF9B500DBF850 /* ShellScript */,
			);
			buildRules = (
			);
			dependencies = (
				ED6EAC7624436B2C00BAF620 /* PBXTargetDependency */,
			);
			name = ReversiLogicTests;
			packageProductDependencies = (
			);
			productName = ReversiLogicTests;
			productReference = ED6EAC7324436B2C00BAF620 /* ReversiLogicTests.xctest */;
			productType = "com.apple.product-type.bundle.unit-test";
		};
/* End PBXNativeTarget section */

/* Begin PBXProject section */
		D642BDA823A9FE4500396732 /* Project object */ = {
			isa = PBXProject;
			attributes = {
				LastSwiftUpdateCheck = 1130;
				LastUpgradeCheck = 1130;
				ORGANIZATIONNAME = "Yuta Koshizawa";
				TargetAttributes = {
					D642BDAF23A9FE4500396732 = {
						CreatedOnToolsVersion = 11.3;
					};
					D642BDC523A9FE4700396732 = {
						CreatedOnToolsVersion = 11.3;
						TestTargetID = D642BDAF23A9FE4500396732;
					};
					ED6EAC6A24436B2B00BAF620 = {
						CreatedOnToolsVersion = 11.3.1;
					};
					ED6EAC7224436B2C00BAF620 = {
						CreatedOnToolsVersion = 11.3.1;
						LastSwiftMigration = 1130;
					};
				};
			};
			buildConfigurationList = D642BDAB23A9FE4500396732 /* Build configuration list for PBXProject "Reversi" */;
			compatibilityVersion = "Xcode 9.3";
			developmentRegion = en;
			hasScannedForEncodings = 0;
			knownRegions = (
				en,
				Base,
			);
			mainGroup = D642BDA723A9FE4500396732;
			packageReferences = (
			);
			productRefGroup = D642BDB123A9FE4500396732 /* Products */;
			projectDirPath = "";
			projectRoot = "";
			targets = (
				D642BDAF23A9FE4500396732 /* Reversi */,
				D642BDC523A9FE4700396732 /* ReversiTests */,
				ED6EAC6A24436B2B00BAF620 /* ReversiLogic */,
				ED6EAC7224436B2C00BAF620 /* ReversiLogicTests */,
			);
		};
/* End PBXProject section */

/* Begin PBXResourcesBuildPhase section */
		D642BDAE23A9FE4500396732 /* Resources */ = {
			isa = PBXResourcesBuildPhase;
			buildActionMask = 2147483647;
			files = (
				D642BDC023A9FE4700396732 /* LaunchScreen.storyboard in Resources */,
				D642BDBD23A9FE4700396732 /* Assets.xcassets in Resources */,
				D642BDBB23A9FE4500396732 /* Main.storyboard in Resources */,
			);
			runOnlyForDeploymentPostprocessing = 0;
		};
		D642BDC423A9FE4700396732 /* Resources */ = {
			isa = PBXResourcesBuildPhase;
			buildActionMask = 2147483647;
			files = (
			);
			runOnlyForDeploymentPostprocessing = 0;
		};
		ED6EAC6924436B2B00BAF620 /* Resources */ = {
			isa = PBXResourcesBuildPhase;
			buildActionMask = 2147483647;
			files = (
			);
			runOnlyForDeploymentPostprocessing = 0;
		};
		ED6EAC7124436B2C00BAF620 /* Resources */ = {
			isa = PBXResourcesBuildPhase;
			buildActionMask = 2147483647;
			files = (
			);
			runOnlyForDeploymentPostprocessing = 0;
		};
/* End PBXResourcesBuildPhase section */

/* Begin PBXShellScriptBuildPhase section */
		ED3D8EF5244DF9B500DBF850 /* ShellScript */ = {
			isa = PBXShellScriptBuildPhase;
			buildActionMask = 2147483647;
			files = (
			);
			inputFileListPaths = (
			);
			inputPaths = (
				"$(SRCROOT)/Carthage/Build/iOS/RxCocoa.framework",
				"$(SRCROOT)/Carthage/Build/iOS/RxRelay.framework",
				"$(SRCROOT)/Carthage/Build/iOS/RxSwift.framework",
				"$(SRCROOT)/Carthage/Build/iOS/RxTest.framework",
				"$(SRCROOT)/Carthage/Build/iOS/Unio.framework",
			);
			outputFileListPaths = (
			);
			outputPaths = (
				"$(BUILT_PRODUCTS_DIR)/$(FRAMEWORKS_FOLDER_PATH)/RxCocoa.framework",
				"$(BUILT_PRODUCTS_DIR)/$(FRAMEWORKS_FOLDER_PATH)/RxRelay.framework",
				"$(BUILT_PRODUCTS_DIR)/$(FRAMEWORKS_FOLDER_PATH)/RxSwift.framework",
				"$(BUILT_PRODUCTS_DIR)/$(FRAMEWORKS_FOLDER_PATH)/RxTest.framework",
				"$(BUILT_PRODUCTS_DIR)/$(FRAMEWORKS_FOLDER_PATH)/Unio.framework",
			);
			runOnlyForDeploymentPostprocessing = 0;
			shellPath = /bin/sh;
			shellScript = "# Type a script or drag a script file from your workspace to insert its path.\n/usr/local/bin/carthage copy-frameworks\n";
		};
/* End PBXShellScriptBuildPhase section */

/* Begin PBXSourcesBuildPhase section */
		D642BDAC23A9FE4500396732 /* Sources */ = {
			isa = PBXSourcesBuildPhase;
			buildActionMask = 2147483647;
			files = (
				D636B39F23D35043007F370F /* DiskView.swift in Sources */,
				D642BDD623AA0B3900396732 /* CellView.swift in Sources */,
				D642BDB823A9FE4500396732 /* ViewController.swift in Sources */,
				D642BDDC23AA137C00396732 /* BoardView.swift in Sources */,
				D642BDB423A9FE4500396732 /* AppDelegate.swift in Sources */,
				D642BDB623A9FE4500396732 /* SceneDelegate.swift in Sources */,
			);
			runOnlyForDeploymentPostprocessing = 0;
		};
		D642BDC223A9FE4700396732 /* Sources */ = {
			isa = PBXSourcesBuildPhase;
			buildActionMask = 2147483647;
			files = (
				D642BDCB23A9FE4700396732 /* ReversiTests.swift in Sources */,
			);
			runOnlyForDeploymentPostprocessing = 0;
		};
		ED6EAC6724436B2B00BAF620 /* Sources */ = {
			isa = PBXSourcesBuildPhase;
			buildActionMask = 2147483647;
			files = (
				EDAAB293245216B500B72937 /* ReversiManagementStream.swift in Sources */,
				EDAAB28D2452006000B72937 /* UpdateDisk.swift in Sources */,
				EDBC5A99244F5EEF006D3865 /* GameStore.swift in Sources */,
				EDAAB28F2452043200B72937 /* FlippedDiskCoordinates.swift in Sources */,
				EDDDC5732455EE63001F73C2 /* SetDisk.swift in Sources */,
				ED6EACA12443838900BAF620 /* GameData.swift in Sources */,
				ED8CC36424478D5B00CD2CAB /* GameDataCache.swift in Sources */,
				EDE3249C2456094300C00F72 /* ValidMoves.swift in Sources */,
				EDBC5A9B244F5EFC006D3865 /* GameDispatcher.swift in Sources */,
				ED6EACA42444B1E900BAF620 /* ReversiViewModel.swift in Sources */,
				EDCC2A562448B3E9009E69F7 /* Coordinate.swift in Sources */,
				EDCE4499245EE8630067B130 /* PublishRelayExtension.swift in Sources */,
				EDBDD2BB24530C9400BB545A /* ReversiViewModelFactory.swift in Sources */,
				ED6EACA62444BDE100BAF620 /* Canceller.swift in Sources */,
				ED6EAC9524436C3300BAF620 /* Disk.swift in Sources */,
				EDBC5A9D244F5F09006D3865 /* GameActionCreator.swift in Sources */,
				EDDDC5782455F6BA001F73C2 /* AnimateSettingDisks.swift in Sources */,
				ED20D56D244C2D6F00F7BA46 /* BehaviorWrapper.swift in Sources */,
				EDDDC57C2455FB23001F73C2 /* PlaceDisk.swift in Sources */,
				ED20D56E244C2D6F00F7BA46 /* ValueObservable.swift in Sources */,
				ED20D557244B826600F7BA46 /* PublishWrapper.swift in Sources */,
				ED20D530244AD70A00F7BA46 /* UIAlertControllerExtension.swift in Sources */,
				ED6736EA2450CE4000521D10 /* DiskAtCoordinate.swift in Sources */,
				ED6EAC9B24436D9400BAF620 /* GameDataIO.swift in Sources */,
				ED20D52E244AD61E00F7BA46 /* Alert.swift in Sources */,
				EDCE449D245EF64C0067B130 /* Lazy.swift in Sources */,
				ED8CC36224475F0100CD2CAB /* CollectionExtension.swift in Sources */,
			);
			runOnlyForDeploymentPostprocessing = 0;
		};
		ED6EAC6F24436B2C00BAF620 /* Sources */ = {
			isa = PBXSourcesBuildPhase;
			buildActionMask = 2147483647;
			files = (
				ED6D32AB245089D400D0932F /* MockGameActionCreator.swift in Sources */,
				ED9C7D2F24672D5600089488 /* PlaceDiskTests.swift in Sources */,
				ED6EACAB2444D3C200BAF620 /* MockResponse.swift in Sources */,
				ED1BEDBB2452F0700066E68E /* MockFlippedDiskCoordinates.swift in Sources */,
				EDBDD2BF245325B700BB545A /* UpdateDiskExtension.swift in Sources */,
				EDE324A12456142200C00F72 /* MockValidMoves.swift in Sources */,
				ED4E71452448DA6D00518585 /* GameDataCacheTests.swift in Sources */,
				ED20D533244ADCAE00F7BA46 /* MockGameDataCache.swift in Sources */,
				EDCE44C2246327A40067B130 /* SetDiskTests.swift in Sources */,
				ED9AEF7E244C4223004A068C /* CountableProperty.swift in Sources */,
				ED349E3824669BCA0014BCDC /* AnimateSettingDisksTests.swift in Sources */,
				EDBDD2BD245313A400BB545A /* Watcher.swift in Sources */,
				ED6EAC9F24436EE800BAF620 /* GameDataIOTests.swift in Sources */,
				ED6D32B42450A38700D0932F /* GameActionCreatorTests.swift in Sources */,
				ED6D32B22450A12500D0932F /* GameStoreTests.swift in Sources */,
				ED6736EC2450CEBA00521D10 /* DiskAtCoordinateTests.swift in Sources */,
				ED6EACA82444CD7E00BAF620 /* ReversiViewModelTests.swift in Sources */,
				EDDDC57E2455FF64001F73C2 /* MockSetDisk.swift in Sources */,
				EDE3249A245601E900C00F72 /* MockPlaceDisk.swift in Sources */,
				EDCE44C424632C3F0067B130 /* FlippedDiskCoordinatesTests.swift in Sources */,
				ED9AEF7C244C39F8004A068C /* MockBehaviorWrapper.swift in Sources */,
				ED6D32AD24508C0500D0932F /* MockPublishResponse.swift in Sources */,
				ED6D32A9245088D700D0932F /* MockGameStore.swift in Sources */,
				ED1BEDB62452EBAA0066E68E /* MockReversiManagementStream.swift in Sources */,
				EDE3249F245613C800C00F72 /* ReversiManagementStreamTests.swift in Sources */,
				EDDDC57A2455F98F001F73C2 /* MockAnimateSettingDisks.swift in Sources */,
				EDF8F036244CBED900C2CF0B /* MockPublishWrapper.swift in Sources */,
			);
			runOnlyForDeploymentPostprocessing = 0;
		};
/* End PBXSourcesBuildPhase section */

/* Begin PBXTargetDependency section */
		D642BDC823A9FE4700396732 /* PBXTargetDependency */ = {
			isa = PBXTargetDependency;
			target = D642BDAF23A9FE4500396732 /* Reversi */;
			targetProxy = D642BDC723A9FE4700396732 /* PBXContainerItemProxy */;
		};
		ED6EAC7624436B2C00BAF620 /* PBXTargetDependency */ = {
			isa = PBXTargetDependency;
			target = ED6EAC6A24436B2B00BAF620 /* ReversiLogic */;
			targetProxy = ED6EAC7524436B2C00BAF620 /* PBXContainerItemProxy */;
		};
		ED6EAC7F24436B2C00BAF620 /* PBXTargetDependency */ = {
			isa = PBXTargetDependency;
			target = ED6EAC6A24436B2B00BAF620 /* ReversiLogic */;
			targetProxy = ED6EAC7E24436B2C00BAF620 /* PBXContainerItemProxy */;
		};
/* End PBXTargetDependency section */

/* Begin PBXVariantGroup section */
		D642BDB923A9FE4500396732 /* Main.storyboard */ = {
			isa = PBXVariantGroup;
			children = (
				D642BDBA23A9FE4500396732 /* Base */,
			);
			name = Main.storyboard;
			sourceTree = "<group>";
		};
		D642BDBE23A9FE4700396732 /* LaunchScreen.storyboard */ = {
			isa = PBXVariantGroup;
			children = (
				D642BDBF23A9FE4700396732 /* Base */,
			);
			name = LaunchScreen.storyboard;
			sourceTree = "<group>";
		};
/* End PBXVariantGroup section */

/* Begin XCBuildConfiguration section */
		D642BDCD23A9FE4800396732 /* Debug */ = {
			isa = XCBuildConfiguration;
			buildSettings = {
				ALWAYS_SEARCH_USER_PATHS = NO;
				CLANG_ANALYZER_NONNULL = YES;
				CLANG_ANALYZER_NUMBER_OBJECT_CONVERSION = YES_AGGRESSIVE;
				CLANG_CXX_LANGUAGE_STANDARD = "gnu++14";
				CLANG_CXX_LIBRARY = "libc++";
				CLANG_ENABLE_MODULES = YES;
				CLANG_ENABLE_OBJC_ARC = YES;
				CLANG_ENABLE_OBJC_WEAK = YES;
				CLANG_WARN_BLOCK_CAPTURE_AUTORELEASING = YES;
				CLANG_WARN_BOOL_CONVERSION = YES;
				CLANG_WARN_COMMA = YES;
				CLANG_WARN_CONSTANT_CONVERSION = YES;
				CLANG_WARN_DEPRECATED_OBJC_IMPLEMENTATIONS = YES;
				CLANG_WARN_DIRECT_OBJC_ISA_USAGE = YES_ERROR;
				CLANG_WARN_DOCUMENTATION_COMMENTS = YES;
				CLANG_WARN_EMPTY_BODY = YES;
				CLANG_WARN_ENUM_CONVERSION = YES;
				CLANG_WARN_INFINITE_RECURSION = YES;
				CLANG_WARN_INT_CONVERSION = YES;
				CLANG_WARN_NON_LITERAL_NULL_CONVERSION = YES;
				CLANG_WARN_OBJC_IMPLICIT_RETAIN_SELF = YES;
				CLANG_WARN_OBJC_LITERAL_CONVERSION = YES;
				CLANG_WARN_OBJC_ROOT_CLASS = YES_ERROR;
				CLANG_WARN_RANGE_LOOP_ANALYSIS = YES;
				CLANG_WARN_STRICT_PROTOTYPES = YES;
				CLANG_WARN_SUSPICIOUS_MOVE = YES;
				CLANG_WARN_UNGUARDED_AVAILABILITY = YES_AGGRESSIVE;
				CLANG_WARN_UNREACHABLE_CODE = YES;
				CLANG_WARN__DUPLICATE_METHOD_MATCH = YES;
				COPY_PHASE_STRIP = NO;
				DEBUG_INFORMATION_FORMAT = dwarf;
				ENABLE_STRICT_OBJC_MSGSEND = YES;
				ENABLE_TESTABILITY = YES;
				GCC_C_LANGUAGE_STANDARD = gnu11;
				GCC_DYNAMIC_NO_PIC = NO;
				GCC_NO_COMMON_BLOCKS = YES;
				GCC_OPTIMIZATION_LEVEL = 0;
				GCC_PREPROCESSOR_DEFINITIONS = (
					"DEBUG=1",
					"$(inherited)",
				);
				GCC_WARN_64_TO_32_BIT_CONVERSION = YES;
				GCC_WARN_ABOUT_RETURN_TYPE = YES_ERROR;
				GCC_WARN_UNDECLARED_SELECTOR = YES;
				GCC_WARN_UNINITIALIZED_AUTOS = YES_AGGRESSIVE;
				GCC_WARN_UNUSED_FUNCTION = YES;
				GCC_WARN_UNUSED_VARIABLE = YES;
				MTL_ENABLE_DEBUG_INFO = INCLUDE_SOURCE;
				MTL_FAST_MATH = YES;
				ONLY_ACTIVE_ARCH = YES;
				SDKROOT = iphoneos;
				SWIFT_ACTIVE_COMPILATION_CONDITIONS = DEBUG;
				SWIFT_OPTIMIZATION_LEVEL = "-Onone";
			};
			name = Debug;
		};
		D642BDCE23A9FE4800396732 /* Release */ = {
			isa = XCBuildConfiguration;
			buildSettings = {
				ALWAYS_SEARCH_USER_PATHS = NO;
				CLANG_ANALYZER_NONNULL = YES;
				CLANG_ANALYZER_NUMBER_OBJECT_CONVERSION = YES_AGGRESSIVE;
				CLANG_CXX_LANGUAGE_STANDARD = "gnu++14";
				CLANG_CXX_LIBRARY = "libc++";
				CLANG_ENABLE_MODULES = YES;
				CLANG_ENABLE_OBJC_ARC = YES;
				CLANG_ENABLE_OBJC_WEAK = YES;
				CLANG_WARN_BLOCK_CAPTURE_AUTORELEASING = YES;
				CLANG_WARN_BOOL_CONVERSION = YES;
				CLANG_WARN_COMMA = YES;
				CLANG_WARN_CONSTANT_CONVERSION = YES;
				CLANG_WARN_DEPRECATED_OBJC_IMPLEMENTATIONS = YES;
				CLANG_WARN_DIRECT_OBJC_ISA_USAGE = YES_ERROR;
				CLANG_WARN_DOCUMENTATION_COMMENTS = YES;
				CLANG_WARN_EMPTY_BODY = YES;
				CLANG_WARN_ENUM_CONVERSION = YES;
				CLANG_WARN_INFINITE_RECURSION = YES;
				CLANG_WARN_INT_CONVERSION = YES;
				CLANG_WARN_NON_LITERAL_NULL_CONVERSION = YES;
				CLANG_WARN_OBJC_IMPLICIT_RETAIN_SELF = YES;
				CLANG_WARN_OBJC_LITERAL_CONVERSION = YES;
				CLANG_WARN_OBJC_ROOT_CLASS = YES_ERROR;
				CLANG_WARN_RANGE_LOOP_ANALYSIS = YES;
				CLANG_WARN_STRICT_PROTOTYPES = YES;
				CLANG_WARN_SUSPICIOUS_MOVE = YES;
				CLANG_WARN_UNGUARDED_AVAILABILITY = YES_AGGRESSIVE;
				CLANG_WARN_UNREACHABLE_CODE = YES;
				CLANG_WARN__DUPLICATE_METHOD_MATCH = YES;
				COPY_PHASE_STRIP = NO;
				DEBUG_INFORMATION_FORMAT = "dwarf-with-dsym";
				ENABLE_NS_ASSERTIONS = NO;
				ENABLE_STRICT_OBJC_MSGSEND = YES;
				GCC_C_LANGUAGE_STANDARD = gnu11;
				GCC_NO_COMMON_BLOCKS = YES;
				GCC_WARN_64_TO_32_BIT_CONVERSION = YES;
				GCC_WARN_ABOUT_RETURN_TYPE = YES_ERROR;
				GCC_WARN_UNDECLARED_SELECTOR = YES;
				GCC_WARN_UNINITIALIZED_AUTOS = YES_AGGRESSIVE;
				GCC_WARN_UNUSED_FUNCTION = YES;
				GCC_WARN_UNUSED_VARIABLE = YES;
				MTL_ENABLE_DEBUG_INFO = NO;
				MTL_FAST_MATH = YES;
				SDKROOT = iphoneos;
				SWIFT_COMPILATION_MODE = wholemodule;
				SWIFT_OPTIMIZATION_LEVEL = "-O";
				VALIDATE_PRODUCT = YES;
			};
			name = Release;
		};
		D642BDD023A9FE4800396732 /* Debug */ = {
			isa = XCBuildConfiguration;
			buildSettings = {
				ALWAYS_EMBED_SWIFT_STANDARD_LIBRARIES = YES;
				ASSETCATALOG_COMPILER_APPICON_NAME = AppIcon;
				CODE_SIGN_STYLE = Automatic;
				FRAMEWORK_SEARCH_PATHS = (
					"$(inherited)",
					"$(PROJECT_DIR)/Carthage/Build/iOS",
				);
				INFOPLIST_FILE = Reversi/Info.plist;
				LD_RUNPATH_SEARCH_PATHS = (
					"$(inherited)",
					"@executable_path/Frameworks",
				);
				PRODUCT_BUNDLE_IDENTIFIER = org.koherent.Reversi;
				PRODUCT_NAME = "$(TARGET_NAME)";
				SWIFT_VERSION = 5.0;
				TARGETED_DEVICE_FAMILY = "1,2";
			};
			name = Debug;
		};
		D642BDD123A9FE4800396732 /* Release */ = {
			isa = XCBuildConfiguration;
			buildSettings = {
				ALWAYS_EMBED_SWIFT_STANDARD_LIBRARIES = YES;
				ASSETCATALOG_COMPILER_APPICON_NAME = AppIcon;
				CODE_SIGN_STYLE = Automatic;
				FRAMEWORK_SEARCH_PATHS = (
					"$(inherited)",
					"$(PROJECT_DIR)/Carthage/Build/iOS",
				);
				INFOPLIST_FILE = Reversi/Info.plist;
				LD_RUNPATH_SEARCH_PATHS = (
					"$(inherited)",
					"@executable_path/Frameworks",
				);
				PRODUCT_BUNDLE_IDENTIFIER = org.koherent.Reversi;
				PRODUCT_NAME = "$(TARGET_NAME)";
				SWIFT_VERSION = 5.0;
				TARGETED_DEVICE_FAMILY = "1,2";
			};
			name = Release;
		};
		D642BDD323A9FE4800396732 /* Debug */ = {
			isa = XCBuildConfiguration;
			buildSettings = {
				ALWAYS_EMBED_SWIFT_STANDARD_LIBRARIES = YES;
				BUNDLE_LOADER = "$(TEST_HOST)";
				CODE_SIGN_STYLE = Automatic;
				INFOPLIST_FILE = ReversiTests/Info.plist;
				LD_RUNPATH_SEARCH_PATHS = (
					"$(inherited)",
					"@executable_path/Frameworks",
					"@loader_path/Frameworks",
				);
				PRODUCT_BUNDLE_IDENTIFIER = org.koherent.ReversiTests;
				PRODUCT_NAME = "$(TARGET_NAME)";
				SWIFT_VERSION = 5.0;
				TARGETED_DEVICE_FAMILY = "1,2";
				TEST_HOST = "$(BUILT_PRODUCTS_DIR)/Reversi.app/Reversi";
			};
			name = Debug;
		};
		D642BDD423A9FE4800396732 /* Release */ = {
			isa = XCBuildConfiguration;
			buildSettings = {
				ALWAYS_EMBED_SWIFT_STANDARD_LIBRARIES = YES;
				BUNDLE_LOADER = "$(TEST_HOST)";
				CODE_SIGN_STYLE = Automatic;
				INFOPLIST_FILE = ReversiTests/Info.plist;
				LD_RUNPATH_SEARCH_PATHS = (
					"$(inherited)",
					"@executable_path/Frameworks",
					"@loader_path/Frameworks",
				);
				PRODUCT_BUNDLE_IDENTIFIER = org.koherent.ReversiTests;
				PRODUCT_NAME = "$(TARGET_NAME)";
				SWIFT_VERSION = 5.0;
				TARGETED_DEVICE_FAMILY = "1,2";
				TEST_HOST = "$(BUILT_PRODUCTS_DIR)/Reversi.app/Reversi";
			};
			name = Release;
		};
		ED6EAC8324436B2C00BAF620 /* Debug */ = {
			isa = XCBuildConfiguration;
			buildSettings = {
				CODE_SIGN_STYLE = Automatic;
				CURRENT_PROJECT_VERSION = 1;
				DEFINES_MODULE = YES;
				DYLIB_COMPATIBILITY_VERSION = 1;
				DYLIB_CURRENT_VERSION = 1;
				DYLIB_INSTALL_NAME_BASE = "@rpath";
				FRAMEWORK_SEARCH_PATHS = (
					"$(inherited)",
					"$(PROJECT_DIR)/Carthage/Build/iOS",
				);
				INFOPLIST_FILE = ReversiLogic/Info.plist;
				INSTALL_PATH = "$(LOCAL_LIBRARY_DIR)/Frameworks";
				IPHONEOS_DEPLOYMENT_TARGET = 13.2;
				LD_RUNPATH_SEARCH_PATHS = (
					"$(inherited)",
					"@executable_path/Frameworks",
					"@loader_path/Frameworks",
				);
				PRODUCT_BUNDLE_IDENTIFIER = "jp.marty-suzuki.ReversiLogic";
				PRODUCT_NAME = "$(TARGET_NAME:c99extidentifier)";
				SKIP_INSTALL = YES;
				SWIFT_VERSION = 5.0;
				TARGETED_DEVICE_FAMILY = "1,2";
				VERSIONING_SYSTEM = "apple-generic";
				VERSION_INFO_PREFIX = "";
			};
			name = Debug;
		};
		ED6EAC8424436B2C00BAF620 /* Release */ = {
			isa = XCBuildConfiguration;
			buildSettings = {
				CODE_SIGN_STYLE = Automatic;
				CURRENT_PROJECT_VERSION = 1;
				DEFINES_MODULE = YES;
				DYLIB_COMPATIBILITY_VERSION = 1;
				DYLIB_CURRENT_VERSION = 1;
				DYLIB_INSTALL_NAME_BASE = "@rpath";
				FRAMEWORK_SEARCH_PATHS = (
					"$(inherited)",
					"$(PROJECT_DIR)/Carthage/Build/iOS",
				);
				INFOPLIST_FILE = ReversiLogic/Info.plist;
				INSTALL_PATH = "$(LOCAL_LIBRARY_DIR)/Frameworks";
				IPHONEOS_DEPLOYMENT_TARGET = 13.2;
				LD_RUNPATH_SEARCH_PATHS = (
					"$(inherited)",
					"@executable_path/Frameworks",
					"@loader_path/Frameworks",
				);
				PRODUCT_BUNDLE_IDENTIFIER = "jp.marty-suzuki.ReversiLogic";
				PRODUCT_NAME = "$(TARGET_NAME:c99extidentifier)";
				SKIP_INSTALL = YES;
				SWIFT_VERSION = 5.0;
				TARGETED_DEVICE_FAMILY = "1,2";
				VERSIONING_SYSTEM = "apple-generic";
				VERSION_INFO_PREFIX = "";
			};
			name = Release;
		};
		ED6EAC8524436B2C00BAF620 /* Debug */ = {
			isa = XCBuildConfiguration;
			buildSettings = {
				ALWAYS_EMBED_SWIFT_STANDARD_LIBRARIES = YES;
				CLANG_ENABLE_MODULES = YES;
				CODE_SIGN_STYLE = Automatic;
				FRAMEWORK_SEARCH_PATHS = (
					"$(inherited)",
					"$(PROJECT_DIR)/Carthage/Build/iOS",
				);
				INFOPLIST_FILE = ReversiLogicTests/Info.plist;
				IPHONEOS_DEPLOYMENT_TARGET = 13.2;
				LD_RUNPATH_SEARCH_PATHS = (
					"$(inherited)",
					"@executable_path/Frameworks",
					"@loader_path/Frameworks",
				);
				PRODUCT_BUNDLE_IDENTIFIER = "jp.marty-suzuki.ReversiLogicTests";
				PRODUCT_NAME = "$(TARGET_NAME)";
				SWIFT_OPTIMIZATION_LEVEL = "-Onone";
				SWIFT_VERSION = 5.0;
				TARGETED_DEVICE_FAMILY = "1,2";
			};
			name = Debug;
		};
		ED6EAC8624436B2C00BAF620 /* Release */ = {
			isa = XCBuildConfiguration;
			buildSettings = {
				ALWAYS_EMBED_SWIFT_STANDARD_LIBRARIES = YES;
				CLANG_ENABLE_MODULES = YES;
				CODE_SIGN_STYLE = Automatic;
				FRAMEWORK_SEARCH_PATHS = (
					"$(inherited)",
					"$(PROJECT_DIR)/Carthage/Build/iOS",
				);
				INFOPLIST_FILE = ReversiLogicTests/Info.plist;
				IPHONEOS_DEPLOYMENT_TARGET = 13.2;
				LD_RUNPATH_SEARCH_PATHS = (
					"$(inherited)",
					"@executable_path/Frameworks",
					"@loader_path/Frameworks",
				);
				PRODUCT_BUNDLE_IDENTIFIER = "jp.marty-suzuki.ReversiLogicTests";
				PRODUCT_NAME = "$(TARGET_NAME)";
				SWIFT_VERSION = 5.0;
				TARGETED_DEVICE_FAMILY = "1,2";
			};
			name = Release;
		};
/* End XCBuildConfiguration section */

/* Begin XCConfigurationList section */
		D642BDAB23A9FE4500396732 /* Build configuration list for PBXProject "Reversi" */ = {
			isa = XCConfigurationList;
			buildConfigurations = (
				D642BDCD23A9FE4800396732 /* Debug */,
				D642BDCE23A9FE4800396732 /* Release */,
			);
			defaultConfigurationIsVisible = 0;
			defaultConfigurationName = Release;
		};
		D642BDCF23A9FE4800396732 /* Build configuration list for PBXNativeTarget "Reversi" */ = {
			isa = XCConfigurationList;
			buildConfigurations = (
				D642BDD023A9FE4800396732 /* Debug */,
				D642BDD123A9FE4800396732 /* Release */,
			);
			defaultConfigurationIsVisible = 0;
			defaultConfigurationName = Release;
		};
		D642BDD223A9FE4800396732 /* Build configuration list for PBXNativeTarget "ReversiTests" */ = {
			isa = XCConfigurationList;
			buildConfigurations = (
				D642BDD323A9FE4800396732 /* Debug */,
				D642BDD423A9FE4800396732 /* Release */,
			);
			defaultConfigurationIsVisible = 0;
			defaultConfigurationName = Release;
		};
		ED6EAC8724436B2C00BAF620 /* Build configuration list for PBXNativeTarget "ReversiLogic" */ = {
			isa = XCConfigurationList;
			buildConfigurations = (
				ED6EAC8324436B2C00BAF620 /* Debug */,
				ED6EAC8424436B2C00BAF620 /* Release */,
			);
			defaultConfigurationIsVisible = 0;
			defaultConfigurationName = Release;
		};
		ED6EAC8824436B2C00BAF620 /* Build configuration list for PBXNativeTarget "ReversiLogicTests" */ = {
			isa = XCConfigurationList;
			buildConfigurations = (
				ED6EAC8524436B2C00BAF620 /* Debug */,
				ED6EAC8624436B2C00BAF620 /* Release */,
			);
			defaultConfigurationIsVisible = 0;
			defaultConfigurationName = Release;
		};
/* End XCConfigurationList section */
	};
	rootObject = D642BDA823A9FE4500396732 /* Project object */;
}
